
Microsoft Visual Studio Solution File, Format Version 12.00
# Visual Studio 14
VisualStudioVersion = 14.0.25420.1
MinimumVisualStudioVersion = 10.0.40219.1
Project("{FAE04EC0-301F-11D3-BF4B-00C04F79EFBC}") = "Prog Funds Exam Problem 1", "Prog Funds Exam Problem 1\Prog Funds Exam Problem 1.csproj", "{755ADCAA-2053-4893-9F5F-FF3BEDB26BE9}"
EndProject
Project("{FAE04EC0-301F-11D3-BF4B-00C04F79EFBC}") = "02. Pokemon Don't Go", "02. Pokemon Don't Go\02. Pokemon Don't Go.csproj", "{13D22848-C789-4004-9BB7-FB450AC35A8C}"
EndProject
Project("{FAE04EC0-301F-11D3-BF4B-00C04F79EFBC}") = "03. Regexmon", "03. Regexmon\03. Regexmon.csproj", "{CC1A68F0-D8A2-4F79-B8A3-F4E6F3E22293}"
EndProject
Project("{FAE04EC0-301F-11D3-BF4B-00C04F79EFBC}") = "04. Pokemon Evolution", "04. Pokemon Evolution\04. Pokemon Evolution.csproj", "{73E7EED7-1F72-40A4-A2F6-F44F03BE22F0}"
EndProject
Global
	GlobalSection(SolutionConfigurationPlatforms) = preSolution
		Debug|Any CPU = Debug|Any CPU
		Release|Any CPU = Release|Any CPU
	EndGlobalSection
	GlobalSection(ProjectConfigurationPlatforms) = postSolution
		{755ADCAA-2053-4893-9F5F-FF3BEDB26BE9}.Debug|Any CPU.ActiveCfg = Debug|Any CPU
		{755ADCAA-2053-4893-9F5F-FF3BEDB26BE9}.Debug|Any CPU.Build.0 = Debug|Any CPU
		{755ADCAA-2053-4893-9F5F-FF3BEDB26BE9}.Release|Any CPU.ActiveCfg = Release|Any CPU
		{755ADCAA-2053-4893-9F5F-FF3BEDB26BE9}.Release|Any CPU.Build.0 = Release|Any CPU
		{13D22848-C789-4004-9BB7-FB450AC35A8C}.Debug|Any CPU.ActiveCfg = Debug|Any CPU
		{13D22848-C789-4004-9BB7-FB450AC35A8C}.Debug|Any CPU.Build.0 = Debug|Any CPU
		{13D22848-C789-4004-9BB7-FB450AC35A8C}.Release|Any CPU.ActiveCfg = Release|Any CPU
		{13D22848-C789-4004-9BB7-FB450AC35A8C}.Release|Any CPU.Build.0 = Release|Any CPU
		{CC1A68F0-D8A2-4F79-B8A3-F4E6F3E22293}.Debug|Any CPU.ActiveCfg = Debug|Any CPU
		{CC1A68F0-D8A2-4F79-B8A3-F4E6F3E22293}.Debug|Any CPU.Build.0 = Debug|Any CPU
		{CC1A68F0-D8A2-4F79-B8A3-F4E6F3E22293}.Release|Any CPU.ActiveCfg = Release|Any CPU
		{CC1A68F0-D8A2-4F79-B8A3-F4E6F3E22293}.Release|Any CPU.Build.0 = Release|Any CPU
		{73E7EED7-1F72-40A4-A2F6-F44F03BE22F0}.Debug|Any CPU.ActiveCfg = Debug|Any CPU
		{73E7EED7-1F72-40A4-A2F6-F44F03BE22F0}.Debug|Any CPU.Build.0 = Debug|Any CPU
		{73E7EED7-1F72-40A4-A2F6-F44F03BE22F0}.Release|Any CPU.ActiveCfg = Release|Any CPU
		{73E7EED7-1F72-40A4-A2F6-F44F03BE22F0}.Release|Any CPU.Build.0 = Release|Any CPU
	EndGlobalSection
	GlobalSection(SolutionProperties) = preSolution
		HideSolutionNode = FALSE
	EndGlobalSection
EndGlobal
