
Microsoft Visual Studio Solution File, Format Version 12.00
# Visual Studio 14
VisualStudioVersion = 14.0.25420.1
MinimumVisualStudioVersion = 10.0.40219.1
Project("{FAE04EC0-301F-11D3-BF4B-00C04F79EFBC}") = "Problem 6 Stop Number 17.07.16", "Problem 6 Stop Number 17.07.16\Problem 6 Stop Number 17.07.16.csproj", "{A6A9F4CC-9849-4042-B0CB-F8227B0489E9}"
EndProject
Project("{FAE04EC0-301F-11D3-BF4B-00C04F79EFBC}") = "Problem 5 Diamond 17.07.16", "Problem 5 Diamond 17.07.16\Problem 5 Diamond 17.07.16.csproj", "{4D4F663E-D9AD-4E4F-974F-9F683C30FC46}"
EndProject
Project("{FAE04EC0-301F-11D3-BF4B-00C04F79EFBC}") = "Problem 4 Back To The Past 17.07", "Problem 4 Back To The Past 17.07\Problem 4 Back To The Past 17.07.csproj", "{D616511D-D379-4AC2-B721-6EB5ABECD3FF}"
EndProject
Global
	GlobalSection(SolutionConfigurationPlatforms) = preSolution
		Debug|Any CPU = Debug|Any CPU
		Release|Any CPU = Release|Any CPU
	EndGlobalSection
	GlobalSection(ProjectConfigurationPlatforms) = postSolution
		{A6A9F4CC-9849-4042-B0CB-F8227B0489E9}.Debug|Any CPU.ActiveCfg = Debug|Any CPU
		{A6A9F4CC-9849-4042-B0CB-F8227B0489E9}.Debug|Any CPU.Build.0 = Debug|Any CPU
		{A6A9F4CC-9849-4042-B0CB-F8227B0489E9}.Release|Any CPU.ActiveCfg = Release|Any CPU
		{A6A9F4CC-9849-4042-B0CB-F8227B0489E9}.Release|Any CPU.Build.0 = Release|Any CPU
		{4D4F663E-D9AD-4E4F-974F-9F683C30FC46}.Debug|Any CPU.ActiveCfg = Debug|Any CPU
		{4D4F663E-D9AD-4E4F-974F-9F683C30FC46}.Debug|Any CPU.Build.0 = Debug|Any CPU
		{4D4F663E-D9AD-4E4F-974F-9F683C30FC46}.Release|Any CPU.ActiveCfg = Release|Any CPU
		{4D4F663E-D9AD-4E4F-974F-9F683C30FC46}.Release|Any CPU.Build.0 = Release|Any CPU
		{D616511D-D379-4AC2-B721-6EB5ABECD3FF}.Debug|Any CPU.ActiveCfg = Debug|Any CPU
		{D616511D-D379-4AC2-B721-6EB5ABECD3FF}.Debug|Any CPU.Build.0 = Debug|Any CPU
		{D616511D-D379-4AC2-B721-6EB5ABECD3FF}.Release|Any CPU.ActiveCfg = Release|Any CPU
		{D616511D-D379-4AC2-B721-6EB5ABECD3FF}.Release|Any CPU.Build.0 = Release|Any CPU
	EndGlobalSection
	GlobalSection(SolutionProperties) = preSolution
		HideSolutionNode = FALSE
	EndGlobalSection
EndGlobal
