
Microsoft Visual Studio Solution File, Format Version 12.00
# Visual Studio 14
VisualStudioVersion = 14.0.25420.1
MinimumVisualStudioVersion = 10.0.40219.1
Project("{FAE04EC0-301F-11D3-BF4B-00C04F79EFBC}") = "01. Lists - Lab", "01. Lists - Lab\01. Lists - Lab.csproj", "{BB13F1C7-B38B-4CF3-8DD0-E9C040631A3D}"
EndProject
Project("{FAE04EC0-301F-11D3-BF4B-00C04F79EFBC}") = "05. Sort Numbers", "05. Sort Numbers\05. Sort Numbers.csproj", "{3035F023-A43C-4EC5-8516-380A0B044984}"
EndProject
Project("{FAE04EC0-301F-11D3-BF4B-00C04F79EFBC}") = "06. Square Numbers", "06. Square Numbers\06. Square Numbers.csproj", "{4BEA1429-A0C0-4ED7-9F66-6B6B368C6E87}"
EndProject
Project("{FAE04EC0-301F-11D3-BF4B-00C04F79EFBC}") = "07.Count Numbers", "07.Count Numbers\07.Count Numbers.csproj", "{000CF00E-B190-4686-9019-477F4DE080D3}"
EndProject
Project("{FAE04EC0-301F-11D3-BF4B-00C04F79EFBC}") = "07. Count Numbers - My way", "07. Count Numbers - My way\07. Count Numbers - My way.csproj", "{4A253432-9CC4-4F74-B3E2-163501705BA0}"
EndProject
Project("{FAE04EC0-301F-11D3-BF4B-00C04F79EFBC}") = "03. Sum Adjacent Equal Numbers", "03. Sum Adjacent Equal Numbers\03. Sum Adjacent Equal Numbers.csproj", "{FBEBB579-DBA8-4782-A3FE-611C5284D827}"
EndProject
Project("{FAE04EC0-301F-11D3-BF4B-00C04F79EFBC}") = "04. Split by Word Casing", "04. Split by Word Casing\04. Split by Word Casing.csproj", "{C3049C9F-85B0-43E4-9AA6-09425F2FC07F}"
EndProject
Global
	GlobalSection(SolutionConfigurationPlatforms) = preSolution
		Debug|Any CPU = Debug|Any CPU
		Release|Any CPU = Release|Any CPU
	EndGlobalSection
	GlobalSection(ProjectConfigurationPlatforms) = postSolution
		{BB13F1C7-B38B-4CF3-8DD0-E9C040631A3D}.Debug|Any CPU.ActiveCfg = Debug|Any CPU
		{BB13F1C7-B38B-4CF3-8DD0-E9C040631A3D}.Debug|Any CPU.Build.0 = Debug|Any CPU
		{BB13F1C7-B38B-4CF3-8DD0-E9C040631A3D}.Release|Any CPU.ActiveCfg = Release|Any CPU
		{BB13F1C7-B38B-4CF3-8DD0-E9C040631A3D}.Release|Any CPU.Build.0 = Release|Any CPU
		{3035F023-A43C-4EC5-8516-380A0B044984}.Debug|Any CPU.ActiveCfg = Debug|Any CPU
		{3035F023-A43C-4EC5-8516-380A0B044984}.Debug|Any CPU.Build.0 = Debug|Any CPU
		{3035F023-A43C-4EC5-8516-380A0B044984}.Release|Any CPU.ActiveCfg = Release|Any CPU
		{3035F023-A43C-4EC5-8516-380A0B044984}.Release|Any CPU.Build.0 = Release|Any CPU
		{4BEA1429-A0C0-4ED7-9F66-6B6B368C6E87}.Debug|Any CPU.ActiveCfg = Debug|Any CPU
		{4BEA1429-A0C0-4ED7-9F66-6B6B368C6E87}.Debug|Any CPU.Build.0 = Debug|Any CPU
		{4BEA1429-A0C0-4ED7-9F66-6B6B368C6E87}.Release|Any CPU.ActiveCfg = Release|Any CPU
		{4BEA1429-A0C0-4ED7-9F66-6B6B368C6E87}.Release|Any CPU.Build.0 = Release|Any CPU
		{000CF00E-B190-4686-9019-477F4DE080D3}.Debug|Any CPU.ActiveCfg = Debug|Any CPU
		{000CF00E-B190-4686-9019-477F4DE080D3}.Debug|Any CPU.Build.0 = Debug|Any CPU
		{000CF00E-B190-4686-9019-477F4DE080D3}.Release|Any CPU.ActiveCfg = Release|Any CPU
		{000CF00E-B190-4686-9019-477F4DE080D3}.Release|Any CPU.Build.0 = Release|Any CPU
		{4A253432-9CC4-4F74-B3E2-163501705BA0}.Debug|Any CPU.ActiveCfg = Debug|Any CPU
		{4A253432-9CC4-4F74-B3E2-163501705BA0}.Debug|Any CPU.Build.0 = Debug|Any CPU
		{4A253432-9CC4-4F74-B3E2-163501705BA0}.Release|Any CPU.ActiveCfg = Release|Any CPU
		{4A253432-9CC4-4F74-B3E2-163501705BA0}.Release|Any CPU.Build.0 = Release|Any CPU
		{FBEBB579-DBA8-4782-A3FE-611C5284D827}.Debug|Any CPU.ActiveCfg = Debug|Any CPU
		{FBEBB579-DBA8-4782-A3FE-611C5284D827}.Debug|Any CPU.Build.0 = Debug|Any CPU
		{FBEBB579-DBA8-4782-A3FE-611C5284D827}.Release|Any CPU.ActiveCfg = Release|Any CPU
		{FBEBB579-DBA8-4782-A3FE-611C5284D827}.Release|Any CPU.Build.0 = Release|Any CPU
		{C3049C9F-85B0-43E4-9AA6-09425F2FC07F}.Debug|Any CPU.ActiveCfg = Debug|Any CPU
		{C3049C9F-85B0-43E4-9AA6-09425F2FC07F}.Debug|Any CPU.Build.0 = Debug|Any CPU
		{C3049C9F-85B0-43E4-9AA6-09425F2FC07F}.Release|Any CPU.ActiveCfg = Release|Any CPU
		{C3049C9F-85B0-43E4-9AA6-09425F2FC07F}.Release|Any CPU.Build.0 = Release|Any CPU
	EndGlobalSection
	GlobalSection(SolutionProperties) = preSolution
		HideSolutionNode = FALSE
	EndGlobalSection
EndGlobal
