
Microsoft Visual Studio Solution File, Format Version 12.00
# Visual Studio 14
VisualStudioVersion = 14.0.25420.1
MinimumVisualStudioVersion = 10.0.40219.1
Project("{FAE04EC0-301F-11D3-BF4B-00C04F79EFBC}") = "PF Data Types And Variables", "PF Data Types And Variables\PF Data Types And Variables.csproj", "{356D02D5-7D24-4ACD-A360-F7FE58C85FE6}"
EndProject
Project("{FAE04EC0-301F-11D3-BF4B-00C04F79EFBC}") = "05. Special Numbers", "05. Special Numbers\05. Special Numbers.csproj", "{16F2D66E-BBEA-4D61-B13E-E1BC0F4FC2AD}"
EndProject
Project("{FAE04EC0-301F-11D3-BF4B-00C04F79EFBC}") = "06. Triplets of Latin Letters", "06. Triplets of Latin Letters\06. Triplets of Latin Letters.csproj", "{1F343749-5B75-42CD-8304-294A3EC331A3}"
EndProject
Project("{FAE04EC0-301F-11D3-BF4B-00C04F79EFBC}") = "07.Greeting", "07.Greeting\07.Greeting.csproj", "{162BFC33-F753-45F9-932A-49D66EFEE19F}"
EndProject
Global
	GlobalSection(SolutionConfigurationPlatforms) = preSolution
		Debug|Any CPU = Debug|Any CPU
		Release|Any CPU = Release|Any CPU
	EndGlobalSection
	GlobalSection(ProjectConfigurationPlatforms) = postSolution
		{356D02D5-7D24-4ACD-A360-F7FE58C85FE6}.Debug|Any CPU.ActiveCfg = Debug|Any CPU
		{356D02D5-7D24-4ACD-A360-F7FE58C85FE6}.Debug|Any CPU.Build.0 = Debug|Any CPU
		{356D02D5-7D24-4ACD-A360-F7FE58C85FE6}.Release|Any CPU.ActiveCfg = Release|Any CPU
		{356D02D5-7D24-4ACD-A360-F7FE58C85FE6}.Release|Any CPU.Build.0 = Release|Any CPU
		{16F2D66E-BBEA-4D61-B13E-E1BC0F4FC2AD}.Debug|Any CPU.ActiveCfg = Debug|Any CPU
		{16F2D66E-BBEA-4D61-B13E-E1BC0F4FC2AD}.Debug|Any CPU.Build.0 = Debug|Any CPU
		{16F2D66E-BBEA-4D61-B13E-E1BC0F4FC2AD}.Release|Any CPU.ActiveCfg = Release|Any CPU
		{16F2D66E-BBEA-4D61-B13E-E1BC0F4FC2AD}.Release|Any CPU.Build.0 = Release|Any CPU
		{1F343749-5B75-42CD-8304-294A3EC331A3}.Debug|Any CPU.ActiveCfg = Debug|Any CPU
		{1F343749-5B75-42CD-8304-294A3EC331A3}.Debug|Any CPU.Build.0 = Debug|Any CPU
		{1F343749-5B75-42CD-8304-294A3EC331A3}.Release|Any CPU.ActiveCfg = Release|Any CPU
		{1F343749-5B75-42CD-8304-294A3EC331A3}.Release|Any CPU.Build.0 = Release|Any CPU
		{162BFC33-F753-45F9-932A-49D66EFEE19F}.Debug|Any CPU.ActiveCfg = Debug|Any CPU
		{162BFC33-F753-45F9-932A-49D66EFEE19F}.Debug|Any CPU.Build.0 = Debug|Any CPU
		{162BFC33-F753-45F9-932A-49D66EFEE19F}.Release|Any CPU.ActiveCfg = Release|Any CPU
		{162BFC33-F753-45F9-932A-49D66EFEE19F}.Release|Any CPU.Build.0 = Release|Any CPU
	EndGlobalSection
	GlobalSection(SolutionProperties) = preSolution
		HideSolutionNode = FALSE
	EndGlobalSection
EndGlobal
