
Microsoft Visual Studio Solution File, Format Version 12.00
# Visual Studio 14
VisualStudioVersion = 14.0.25420.1
MinimumVisualStudioVersion = 10.0.40219.1
Project("{FAE04EC0-301F-11D3-BF4B-00C04F79EFBC}") = "Exam January 16 Problem 3", "Exam January 16 Problem 3\Exam January 16 Problem 3.csproj", "{EE6D0BCC-1991-4CB0-8030-9DEAF00C360D}"
EndProject
Project("{FAE04EC0-301F-11D3-BF4B-00C04F79EFBC}") = "Exam January 16 Problem 4", "Exam January 16 Problem 4\Exam January 16 Problem 4.csproj", "{6F69CED6-13A0-4970-80A4-D2ADF236894E}"
EndProject
Global
	GlobalSection(SolutionConfigurationPlatforms) = preSolution
		Debug|Any CPU = Debug|Any CPU
		Release|Any CPU = Release|Any CPU
	EndGlobalSection
	GlobalSection(ProjectConfigurationPlatforms) = postSolution
		{EE6D0BCC-1991-4CB0-8030-9DEAF00C360D}.Debug|Any CPU.ActiveCfg = Debug|Any CPU
		{EE6D0BCC-1991-4CB0-8030-9DEAF00C360D}.Debug|Any CPU.Build.0 = Debug|Any CPU
		{EE6D0BCC-1991-4CB0-8030-9DEAF00C360D}.Release|Any CPU.ActiveCfg = Release|Any CPU
		{EE6D0BCC-1991-4CB0-8030-9DEAF00C360D}.Release|Any CPU.Build.0 = Release|Any CPU
		{6F69CED6-13A0-4970-80A4-D2ADF236894E}.Debug|Any CPU.ActiveCfg = Debug|Any CPU
		{6F69CED6-13A0-4970-80A4-D2ADF236894E}.Debug|Any CPU.Build.0 = Debug|Any CPU
		{6F69CED6-13A0-4970-80A4-D2ADF236894E}.Release|Any CPU.ActiveCfg = Release|Any CPU
		{6F69CED6-13A0-4970-80A4-D2ADF236894E}.Release|Any CPU.Build.0 = Release|Any CPU
	EndGlobalSection
	GlobalSection(SolutionProperties) = preSolution
		HideSolutionNode = FALSE
	EndGlobalSection
EndGlobal
