
Microsoft Visual Studio Solution File, Format Version 12.00
# Visual Studio 14
VisualStudioVersion = 14.0.25420.1
MinimumVisualStudioVersion = 10.0.40219.1
Project("{FAE04EC0-301F-11D3-BF4B-00C04F79EFBC}") = "Exam Preparation 1", "Exam Preparation 1\Exam Preparation 1.csproj", "{4543B8CC-8533-46B9-91F8-55E4C1C1B4A3}"
EndProject
Project("{FAE04EC0-301F-11D3-BF4B-00C04F79EFBC}") = "03.Endurance Rally", "03.Endurance Rally\03.Endurance Rally.csproj", "{A0E8DF4F-1611-4D3A-A2F1-AC660D2CACDD}"
EndProject
Project("{FAE04EC0-301F-11D3-BF4B-00C04F79EFBC}") = "04.Winning Ticket", "04.Winning Ticket\04.Winning Ticket.csproj", "{B9C88665-ABBC-407B-A5A3-33B43F09211D}"
EndProject
Project("{FAE04EC0-301F-11D3-BF4B-00C04F79EFBC}") = "02. SoftUni Karoke", "02. SoftUni Karoke\02. SoftUni Karoke.csproj", "{C9BF56F1-9312-4D75-8EC8-D6615B7A7D20}"
EndProject
Global
	GlobalSection(SolutionConfigurationPlatforms) = preSolution
		Debug|Any CPU = Debug|Any CPU
		Release|Any CPU = Release|Any CPU
	EndGlobalSection
	GlobalSection(ProjectConfigurationPlatforms) = postSolution
		{4543B8CC-8533-46B9-91F8-55E4C1C1B4A3}.Debug|Any CPU.ActiveCfg = Debug|Any CPU
		{4543B8CC-8533-46B9-91F8-55E4C1C1B4A3}.Debug|Any CPU.Build.0 = Debug|Any CPU
		{4543B8CC-8533-46B9-91F8-55E4C1C1B4A3}.Release|Any CPU.ActiveCfg = Release|Any CPU
		{4543B8CC-8533-46B9-91F8-55E4C1C1B4A3}.Release|Any CPU.Build.0 = Release|Any CPU
		{A0E8DF4F-1611-4D3A-A2F1-AC660D2CACDD}.Debug|Any CPU.ActiveCfg = Debug|Any CPU
		{A0E8DF4F-1611-4D3A-A2F1-AC660D2CACDD}.Debug|Any CPU.Build.0 = Debug|Any CPU
		{A0E8DF4F-1611-4D3A-A2F1-AC660D2CACDD}.Release|Any CPU.ActiveCfg = Release|Any CPU
		{A0E8DF4F-1611-4D3A-A2F1-AC660D2CACDD}.Release|Any CPU.Build.0 = Release|Any CPU
		{B9C88665-ABBC-407B-A5A3-33B43F09211D}.Debug|Any CPU.ActiveCfg = Debug|Any CPU
		{B9C88665-ABBC-407B-A5A3-33B43F09211D}.Debug|Any CPU.Build.0 = Debug|Any CPU
		{B9C88665-ABBC-407B-A5A3-33B43F09211D}.Release|Any CPU.ActiveCfg = Release|Any CPU
		{B9C88665-ABBC-407B-A5A3-33B43F09211D}.Release|Any CPU.Build.0 = Release|Any CPU
		{C9BF56F1-9312-4D75-8EC8-D6615B7A7D20}.Debug|Any CPU.ActiveCfg = Debug|Any CPU
		{C9BF56F1-9312-4D75-8EC8-D6615B7A7D20}.Debug|Any CPU.Build.0 = Debug|Any CPU
		{C9BF56F1-9312-4D75-8EC8-D6615B7A7D20}.Release|Any CPU.ActiveCfg = Release|Any CPU
		{C9BF56F1-9312-4D75-8EC8-D6615B7A7D20}.Release|Any CPU.Build.0 = Release|Any CPU
	EndGlobalSection
	GlobalSection(SolutionProperties) = preSolution
		HideSolutionNode = FALSE
	EndGlobalSection
EndGlobal
