
Microsoft Visual Studio Solution File, Format Version 12.00
# Visual Studio 14
VisualStudioVersion = 14.0.25420.1
MinimumVisualStudioVersion = 10.0.40219.1
Project("{FAE04EC0-301F-11D3-BF4B-00C04F79EFBC}") = "Arrow", "Arrow\Arrow.csproj", "{9356E18E-73D9-402F-AC07-887E1155B238}"
EndProject
Project("{FAE04EC0-301F-11D3-BF4B-00C04F79EFBC}") = "Christmas tree", "Christmas tree\Christmas tree.csproj", "{4C093892-4563-49A4-815F-0C8E7E84FBFF}"
EndProject
Global
	GlobalSection(SolutionConfigurationPlatforms) = preSolution
		Debug|Any CPU = Debug|Any CPU
		Release|Any CPU = Release|Any CPU
	EndGlobalSection
	GlobalSection(ProjectConfigurationPlatforms) = postSolution
		{9356E18E-73D9-402F-AC07-887E1155B238}.Debug|Any CPU.ActiveCfg = Debug|Any CPU
		{9356E18E-73D9-402F-AC07-887E1155B238}.Debug|Any CPU.Build.0 = Debug|Any CPU
		{9356E18E-73D9-402F-AC07-887E1155B238}.Release|Any CPU.ActiveCfg = Release|Any CPU
		{9356E18E-73D9-402F-AC07-887E1155B238}.Release|Any CPU.Build.0 = Release|Any CPU
		{4C093892-4563-49A4-815F-0C8E7E84FBFF}.Debug|Any CPU.ActiveCfg = Debug|Any CPU
		{4C093892-4563-49A4-815F-0C8E7E84FBFF}.Debug|Any CPU.Build.0 = Debug|Any CPU
		{4C093892-4563-49A4-815F-0C8E7E84FBFF}.Release|Any CPU.ActiveCfg = Release|Any CPU
		{4C093892-4563-49A4-815F-0C8E7E84FBFF}.Release|Any CPU.Build.0 = Release|Any CPU
	EndGlobalSection
	GlobalSection(SolutionProperties) = preSolution
		HideSolutionNode = FALSE
	EndGlobalSection
EndGlobal
