
Microsoft Visual Studio Solution File, Format Version 12.00
# Visual Studio 14
VisualStudioVersion = 14.0.25420.1
MinimumVisualStudioVersion = 10.0.40219.1
Project("{FAE04EC0-301F-11D3-BF4B-00C04F79EFBC}") = "02. Dictionaries and Lambda Exercises", "02. Dictionaries and Lambda Exercises\02. Dictionaries and Lambda Exercises.csproj", "{D12491A9-AB56-465E-A06E-752E82932BCE}"
EndProject
Project("{FAE04EC0-301F-11D3-BF4B-00C04F79EFBC}") = "03. Miner Task", "03. Miner Task\03. Miner Task.csproj", "{BAFDCE14-D478-4DC8-9F5E-EEC2F5D8A635}"
EndProject
Project("{FAE04EC0-301F-11D3-BF4B-00C04F79EFBC}") = "04. Fix Emails", "04. Fix Emails\04. Fix Emails.csproj", "{20271F39-798E-4A71-8114-F235649E92CC}"
EndProject
Project("{FAE04EC0-301F-11D3-BF4B-00C04F79EFBC}") = "07. Population Counter", "07. Population Counter\07. Population Counter.csproj", "{DFE707DE-0C14-4106-87F1-0B1F8CA368D3}"
EndProject
Project("{FAE04EC0-301F-11D3-BF4B-00C04F79EFBC}") = "05.Hands of Cards", "05.Hands of Cards\05.Hands of Cards.csproj", "{12933918-799E-4CAF-874B-D494DDFDBAAB}"
EndProject
Project("{FAE04EC0-301F-11D3-BF4B-00C04F79EFBC}") = "08.Logs Aggregator", "08.Logs Aggregator\08.Logs Aggregator.csproj", "{CE624299-DAAB-4EA4-BE0F-668485BBB4D0}"
EndProject
Global
	GlobalSection(SolutionConfigurationPlatforms) = preSolution
		Debug|Any CPU = Debug|Any CPU
		Release|Any CPU = Release|Any CPU
	EndGlobalSection
	GlobalSection(ProjectConfigurationPlatforms) = postSolution
		{D12491A9-AB56-465E-A06E-752E82932BCE}.Debug|Any CPU.ActiveCfg = Debug|Any CPU
		{D12491A9-AB56-465E-A06E-752E82932BCE}.Debug|Any CPU.Build.0 = Debug|Any CPU
		{D12491A9-AB56-465E-A06E-752E82932BCE}.Release|Any CPU.ActiveCfg = Release|Any CPU
		{D12491A9-AB56-465E-A06E-752E82932BCE}.Release|Any CPU.Build.0 = Release|Any CPU
		{BAFDCE14-D478-4DC8-9F5E-EEC2F5D8A635}.Debug|Any CPU.ActiveCfg = Debug|Any CPU
		{BAFDCE14-D478-4DC8-9F5E-EEC2F5D8A635}.Debug|Any CPU.Build.0 = Debug|Any CPU
		{BAFDCE14-D478-4DC8-9F5E-EEC2F5D8A635}.Release|Any CPU.ActiveCfg = Release|Any CPU
		{BAFDCE14-D478-4DC8-9F5E-EEC2F5D8A635}.Release|Any CPU.Build.0 = Release|Any CPU
		{20271F39-798E-4A71-8114-F235649E92CC}.Debug|Any CPU.ActiveCfg = Debug|Any CPU
		{20271F39-798E-4A71-8114-F235649E92CC}.Debug|Any CPU.Build.0 = Debug|Any CPU
		{20271F39-798E-4A71-8114-F235649E92CC}.Release|Any CPU.ActiveCfg = Release|Any CPU
		{20271F39-798E-4A71-8114-F235649E92CC}.Release|Any CPU.Build.0 = Release|Any CPU
		{DFE707DE-0C14-4106-87F1-0B1F8CA368D3}.Debug|Any CPU.ActiveCfg = Debug|Any CPU
		{DFE707DE-0C14-4106-87F1-0B1F8CA368D3}.Debug|Any CPU.Build.0 = Debug|Any CPU
		{DFE707DE-0C14-4106-87F1-0B1F8CA368D3}.Release|Any CPU.ActiveCfg = Release|Any CPU
		{DFE707DE-0C14-4106-87F1-0B1F8CA368D3}.Release|Any CPU.Build.0 = Release|Any CPU
		{12933918-799E-4CAF-874B-D494DDFDBAAB}.Debug|Any CPU.ActiveCfg = Debug|Any CPU
		{12933918-799E-4CAF-874B-D494DDFDBAAB}.Debug|Any CPU.Build.0 = Debug|Any CPU
		{12933918-799E-4CAF-874B-D494DDFDBAAB}.Release|Any CPU.ActiveCfg = Release|Any CPU
		{12933918-799E-4CAF-874B-D494DDFDBAAB}.Release|Any CPU.Build.0 = Release|Any CPU
		{CE624299-DAAB-4EA4-BE0F-668485BBB4D0}.Debug|Any CPU.ActiveCfg = Debug|Any CPU
		{CE624299-DAAB-4EA4-BE0F-668485BBB4D0}.Debug|Any CPU.Build.0 = Debug|Any CPU
		{CE624299-DAAB-4EA4-BE0F-668485BBB4D0}.Release|Any CPU.ActiveCfg = Release|Any CPU
		{CE624299-DAAB-4EA4-BE0F-668485BBB4D0}.Release|Any CPU.Build.0 = Release|Any CPU
	EndGlobalSection
	GlobalSection(SolutionProperties) = preSolution
		HideSolutionNode = FALSE
	EndGlobalSection
EndGlobal
