
Microsoft Visual Studio Solution File, Format Version 12.00
# Visual Studio 14
VisualStudioVersion = 14.0.25420.1
MinimumVisualStudioVersion = 10.0.40219.1
Project("{FAE04EC0-301F-11D3-BF4B-00C04F79EFBC}") = "Objects Excepts Files Exercs", "Objects Excepts Files Exercs\Objects Excepts Files Exercs.csproj", "{1B5E4197-0CC7-4329-9F21-06F2F5351193}"
EndProject
Project("{FAE04EC0-301F-11D3-BF4B-00C04F79EFBC}") = "02.Vehicle Catalogue", "02.Vehicle Catalogue\02.Vehicle Catalogue.csproj", "{2E94A010-E337-47C9-9696-9F2348AEBFEA}"
EndProject
Project("{FAE04EC0-301F-11D3-BF4B-00C04F79EFBC}") = "07. Play Ctch", "07. Play Ctch\07. Play Ctch.csproj", "{5ED67163-5258-401C-8AA3-7F39296DD281}"
EndProject
Project("{FAE04EC0-301F-11D3-BF4B-00C04F79EFBC}") = "08.Personal Exception", "08.Personal Exception\08.Personal Exception.csproj", "{D29C3DB2-D5BF-4FF9-9552-3ECCF47EC495}"
EndProject
Project("{FAE04EC0-301F-11D3-BF4B-00C04F79EFBC}") = "04. Punctuation Finder", "04. Punctuation Finder\04. Punctuation Finder.csproj", "{E01D0796-D958-44FA-A928-10926481CB93}"
EndProject
Project("{FAE04EC0-301F-11D3-BF4B-00C04F79EFBC}") = "05. Write to File", "05. Write to File\05. Write to File.csproj", "{E80BA7A2-0641-467D-A8BD-52AFF265308F}"
EndProject
Global
	GlobalSection(SolutionConfigurationPlatforms) = preSolution
		Debug|Any CPU = Debug|Any CPU
		Release|Any CPU = Release|Any CPU
	EndGlobalSection
	GlobalSection(ProjectConfigurationPlatforms) = postSolution
		{1B5E4197-0CC7-4329-9F21-06F2F5351193}.Debug|Any CPU.ActiveCfg = Debug|Any CPU
		{1B5E4197-0CC7-4329-9F21-06F2F5351193}.Debug|Any CPU.Build.0 = Debug|Any CPU
		{1B5E4197-0CC7-4329-9F21-06F2F5351193}.Release|Any CPU.ActiveCfg = Release|Any CPU
		{1B5E4197-0CC7-4329-9F21-06F2F5351193}.Release|Any CPU.Build.0 = Release|Any CPU
		{2E94A010-E337-47C9-9696-9F2348AEBFEA}.Debug|Any CPU.ActiveCfg = Debug|Any CPU
		{2E94A010-E337-47C9-9696-9F2348AEBFEA}.Debug|Any CPU.Build.0 = Debug|Any CPU
		{2E94A010-E337-47C9-9696-9F2348AEBFEA}.Release|Any CPU.ActiveCfg = Release|Any CPU
		{2E94A010-E337-47C9-9696-9F2348AEBFEA}.Release|Any CPU.Build.0 = Release|Any CPU
		{5ED67163-5258-401C-8AA3-7F39296DD281}.Debug|Any CPU.ActiveCfg = Debug|Any CPU
		{5ED67163-5258-401C-8AA3-7F39296DD281}.Debug|Any CPU.Build.0 = Debug|Any CPU
		{5ED67163-5258-401C-8AA3-7F39296DD281}.Release|Any CPU.ActiveCfg = Release|Any CPU
		{5ED67163-5258-401C-8AA3-7F39296DD281}.Release|Any CPU.Build.0 = Release|Any CPU
		{D29C3DB2-D5BF-4FF9-9552-3ECCF47EC495}.Debug|Any CPU.ActiveCfg = Debug|Any CPU
		{D29C3DB2-D5BF-4FF9-9552-3ECCF47EC495}.Debug|Any CPU.Build.0 = Debug|Any CPU
		{D29C3DB2-D5BF-4FF9-9552-3ECCF47EC495}.Release|Any CPU.ActiveCfg = Release|Any CPU
		{D29C3DB2-D5BF-4FF9-9552-3ECCF47EC495}.Release|Any CPU.Build.0 = Release|Any CPU
		{E01D0796-D958-44FA-A928-10926481CB93}.Debug|Any CPU.ActiveCfg = Debug|Any CPU
		{E01D0796-D958-44FA-A928-10926481CB93}.Debug|Any CPU.Build.0 = Debug|Any CPU
		{E01D0796-D958-44FA-A928-10926481CB93}.Release|Any CPU.ActiveCfg = Release|Any CPU
		{E01D0796-D958-44FA-A928-10926481CB93}.Release|Any CPU.Build.0 = Release|Any CPU
		{E80BA7A2-0641-467D-A8BD-52AFF265308F}.Debug|Any CPU.ActiveCfg = Debug|Any CPU
		{E80BA7A2-0641-467D-A8BD-52AFF265308F}.Debug|Any CPU.Build.0 = Debug|Any CPU
		{E80BA7A2-0641-467D-A8BD-52AFF265308F}.Release|Any CPU.ActiveCfg = Release|Any CPU
		{E80BA7A2-0641-467D-A8BD-52AFF265308F}.Release|Any CPU.Build.0 = Release|Any CPU
	EndGlobalSection
	GlobalSection(SolutionProperties) = preSolution
		HideSolutionNode = FALSE
	EndGlobalSection
EndGlobal
