
Microsoft Visual Studio Solution File, Format Version 12.00
# Visual Studio 14
VisualStudioVersion = 14.0.25420.1
MinimumVisualStudioVersion = 10.0.40219.1
Project("{FAE04EC0-301F-11D3-BF4B-00C04F79EFBC}") = "Programming Basics Exam Problem 1", "Programming Basics Exam Problem 1\Programming Basics Exam Problem 1.csproj", "{A07A2AAB-6ACB-4232-8F5E-579ADF8859DE}"
EndProject
Project("{FAE04EC0-301F-11D3-BF4B-00C04F79EFBC}") = "Problem 2", "Problem 2\Problem 2.csproj", "{52CAB07B-3FC5-402E-BC63-771C00C6EE97}"
EndProject
Project("{FAE04EC0-301F-11D3-BF4B-00C04F79EFBC}") = "Problem 3", "Problem 3\Problem 3.csproj", "{E4B3C706-DE94-4322-BDF4-7A3BA13ED63F}"
EndProject
Project("{FAE04EC0-301F-11D3-BF4B-00C04F79EFBC}") = "Problem 4", "Problem 4\Problem 4.csproj", "{449CF39E-BC13-4443-8822-092A364649E9}"
EndProject
Project("{FAE04EC0-301F-11D3-BF4B-00C04F79EFBC}") = "Problem 6", "Problem 6\Problem 6.csproj", "{EBA81AEA-7E6D-445D-858F-28EB3B681742}"
EndProject
Project("{FAE04EC0-301F-11D3-BF4B-00C04F79EFBC}") = "Problem 5", "Problem 5\Problem 5.csproj", "{2B1799FD-D0AF-4585-B54E-4881862DB4ED}"
EndProject
Global
	GlobalSection(SolutionConfigurationPlatforms) = preSolution
		Debug|Any CPU = Debug|Any CPU
		Release|Any CPU = Release|Any CPU
	EndGlobalSection
	GlobalSection(ProjectConfigurationPlatforms) = postSolution
		{A07A2AAB-6ACB-4232-8F5E-579ADF8859DE}.Debug|Any CPU.ActiveCfg = Debug|Any CPU
		{A07A2AAB-6ACB-4232-8F5E-579ADF8859DE}.Debug|Any CPU.Build.0 = Debug|Any CPU
		{A07A2AAB-6ACB-4232-8F5E-579ADF8859DE}.Release|Any CPU.ActiveCfg = Release|Any CPU
		{A07A2AAB-6ACB-4232-8F5E-579ADF8859DE}.Release|Any CPU.Build.0 = Release|Any CPU
		{52CAB07B-3FC5-402E-BC63-771C00C6EE97}.Debug|Any CPU.ActiveCfg = Debug|Any CPU
		{52CAB07B-3FC5-402E-BC63-771C00C6EE97}.Debug|Any CPU.Build.0 = Debug|Any CPU
		{52CAB07B-3FC5-402E-BC63-771C00C6EE97}.Release|Any CPU.ActiveCfg = Release|Any CPU
		{52CAB07B-3FC5-402E-BC63-771C00C6EE97}.Release|Any CPU.Build.0 = Release|Any CPU
		{E4B3C706-DE94-4322-BDF4-7A3BA13ED63F}.Debug|Any CPU.ActiveCfg = Debug|Any CPU
		{E4B3C706-DE94-4322-BDF4-7A3BA13ED63F}.Debug|Any CPU.Build.0 = Debug|Any CPU
		{E4B3C706-DE94-4322-BDF4-7A3BA13ED63F}.Release|Any CPU.ActiveCfg = Release|Any CPU
		{E4B3C706-DE94-4322-BDF4-7A3BA13ED63F}.Release|Any CPU.Build.0 = Release|Any CPU
		{449CF39E-BC13-4443-8822-092A364649E9}.Debug|Any CPU.ActiveCfg = Debug|Any CPU
		{449CF39E-BC13-4443-8822-092A364649E9}.Debug|Any CPU.Build.0 = Debug|Any CPU
		{449CF39E-BC13-4443-8822-092A364649E9}.Release|Any CPU.ActiveCfg = Release|Any CPU
		{449CF39E-BC13-4443-8822-092A364649E9}.Release|Any CPU.Build.0 = Release|Any CPU
		{EBA81AEA-7E6D-445D-858F-28EB3B681742}.Debug|Any CPU.ActiveCfg = Debug|Any CPU
		{EBA81AEA-7E6D-445D-858F-28EB3B681742}.Debug|Any CPU.Build.0 = Debug|Any CPU
		{EBA81AEA-7E6D-445D-858F-28EB3B681742}.Release|Any CPU.ActiveCfg = Release|Any CPU
		{EBA81AEA-7E6D-445D-858F-28EB3B681742}.Release|Any CPU.Build.0 = Release|Any CPU
		{2B1799FD-D0AF-4585-B54E-4881862DB4ED}.Debug|Any CPU.ActiveCfg = Debug|Any CPU
		{2B1799FD-D0AF-4585-B54E-4881862DB4ED}.Debug|Any CPU.Build.0 = Debug|Any CPU
		{2B1799FD-D0AF-4585-B54E-4881862DB4ED}.Release|Any CPU.ActiveCfg = Release|Any CPU
		{2B1799FD-D0AF-4585-B54E-4881862DB4ED}.Release|Any CPU.Build.0 = Release|Any CPU
	EndGlobalSection
	GlobalSection(SolutionProperties) = preSolution
		HideSolutionNode = FALSE
	EndGlobalSection
EndGlobal
