
Microsoft Visual Studio Solution File, Format Version 12.00
# Visual Studio 14
VisualStudioVersion = 14.0.25420.1
MinimumVisualStudioVersion = 10.0.40219.1
Project("{FAE04EC0-301F-11D3-BF4B-00C04F79EFBC}") = "Dictionaries and Lists - Exercise", "Dictionaries and Lists - Exercise\Dictionaries and Lists - Exercise.csproj", "{1E649044-B6A7-466E-9B37-D7E9AAA6D1C9}"
EndProject
Project("{FAE04EC0-301F-11D3-BF4B-00C04F79EFBC}") = "04. Supermarket Database", "04. Supermarket Database\04. Supermarket Database.csproj", "{A39BF624-3BD6-4F46-AC48-BFB0698322DC}"
EndProject
Project("{FAE04EC0-301F-11D3-BF4B-00C04F79EFBC}") = "06. Byte Flip", "06. Byte Flip\06. Byte Flip.csproj", "{D22C05F9-208F-4BF2-9F44-6C536FA6DC57}"
EndProject
Project("{FAE04EC0-301F-11D3-BF4B-00C04F79EFBC}") = "05. Parking Validation", "05. Parking Validation\05. Parking Validation.csproj", "{000E2290-C448-444F-A48C-9833ACA585FE}"
EndProject
Global
	GlobalSection(SolutionConfigurationPlatforms) = preSolution
		Debug|Any CPU = Debug|Any CPU
		Release|Any CPU = Release|Any CPU
	EndGlobalSection
	GlobalSection(ProjectConfigurationPlatforms) = postSolution
		{1E649044-B6A7-466E-9B37-D7E9AAA6D1C9}.Debug|Any CPU.ActiveCfg = Debug|Any CPU
		{1E649044-B6A7-466E-9B37-D7E9AAA6D1C9}.Debug|Any CPU.Build.0 = Debug|Any CPU
		{1E649044-B6A7-466E-9B37-D7E9AAA6D1C9}.Release|Any CPU.ActiveCfg = Release|Any CPU
		{1E649044-B6A7-466E-9B37-D7E9AAA6D1C9}.Release|Any CPU.Build.0 = Release|Any CPU
		{A39BF624-3BD6-4F46-AC48-BFB0698322DC}.Debug|Any CPU.ActiveCfg = Debug|Any CPU
		{A39BF624-3BD6-4F46-AC48-BFB0698322DC}.Debug|Any CPU.Build.0 = Debug|Any CPU
		{A39BF624-3BD6-4F46-AC48-BFB0698322DC}.Release|Any CPU.ActiveCfg = Release|Any CPU
		{A39BF624-3BD6-4F46-AC48-BFB0698322DC}.Release|Any CPU.Build.0 = Release|Any CPU
		{D22C05F9-208F-4BF2-9F44-6C536FA6DC57}.Debug|Any CPU.ActiveCfg = Debug|Any CPU
		{D22C05F9-208F-4BF2-9F44-6C536FA6DC57}.Debug|Any CPU.Build.0 = Debug|Any CPU
		{D22C05F9-208F-4BF2-9F44-6C536FA6DC57}.Release|Any CPU.ActiveCfg = Release|Any CPU
		{D22C05F9-208F-4BF2-9F44-6C536FA6DC57}.Release|Any CPU.Build.0 = Release|Any CPU
		{000E2290-C448-444F-A48C-9833ACA585FE}.Debug|Any CPU.ActiveCfg = Debug|Any CPU
		{000E2290-C448-444F-A48C-9833ACA585FE}.Debug|Any CPU.Build.0 = Debug|Any CPU
		{000E2290-C448-444F-A48C-9833ACA585FE}.Release|Any CPU.ActiveCfg = Release|Any CPU
		{000E2290-C448-444F-A48C-9833ACA585FE}.Release|Any CPU.Build.0 = Release|Any CPU
	EndGlobalSection
	GlobalSection(SolutionProperties) = preSolution
		HideSolutionNode = FALSE
	EndGlobalSection
EndGlobal
