
Microsoft Visual Studio Solution File, Format Version 12.00
# Visual Studio 14
VisualStudioVersion = 14.0.25420.1
MinimumVisualStudioVersion = 10.0.40219.1
Project("{FAE04EC0-301F-11D3-BF4B-00C04F79EFBC}") = "Strings and Text Processing-Lab", "Strings and Text Processing-Lab\Strings and Text Processing-Lab.csproj", "{13F941A6-E3D7-436B-9472-6EDA7002894B}"
EndProject
Project("{FAE04EC0-301F-11D3-BF4B-00C04F79EFBC}") = "03. Text Filter", "03. Text Filter\03. Text Filter.csproj", "{35D5BDE7-29BC-4F56-B48B-FF5628E6DF11}"
EndProject
Project("{FAE04EC0-301F-11D3-BF4B-00C04F79EFBC}") = "02. 2. Count Substring Occurrences", "02. 2. Count Substring Occurrences\02. 2. Count Substring Occurrences.csproj", "{6EFBA5C0-1721-46D1-805A-8C53EEE5D535}"
EndProject
Project("{FAE04EC0-301F-11D3-BF4B-00C04F79EFBC}") = "04.Palindromes", "04.Palindromes\04.Palindromes.csproj", "{6926CDC1-A9FE-4BFC-8E4E-9C230B2F53F4}"
EndProject
Global
	GlobalSection(SolutionConfigurationPlatforms) = preSolution
		Debug|Any CPU = Debug|Any CPU
		Release|Any CPU = Release|Any CPU
	EndGlobalSection
	GlobalSection(ProjectConfigurationPlatforms) = postSolution
		{13F941A6-E3D7-436B-9472-6EDA7002894B}.Debug|Any CPU.ActiveCfg = Debug|Any CPU
		{13F941A6-E3D7-436B-9472-6EDA7002894B}.Debug|Any CPU.Build.0 = Debug|Any CPU
		{13F941A6-E3D7-436B-9472-6EDA7002894B}.Release|Any CPU.ActiveCfg = Release|Any CPU
		{13F941A6-E3D7-436B-9472-6EDA7002894B}.Release|Any CPU.Build.0 = Release|Any CPU
		{35D5BDE7-29BC-4F56-B48B-FF5628E6DF11}.Debug|Any CPU.ActiveCfg = Debug|Any CPU
		{35D5BDE7-29BC-4F56-B48B-FF5628E6DF11}.Debug|Any CPU.Build.0 = Debug|Any CPU
		{35D5BDE7-29BC-4F56-B48B-FF5628E6DF11}.Release|Any CPU.ActiveCfg = Release|Any CPU
		{35D5BDE7-29BC-4F56-B48B-FF5628E6DF11}.Release|Any CPU.Build.0 = Release|Any CPU
		{6EFBA5C0-1721-46D1-805A-8C53EEE5D535}.Debug|Any CPU.ActiveCfg = Debug|Any CPU
		{6EFBA5C0-1721-46D1-805A-8C53EEE5D535}.Debug|Any CPU.Build.0 = Debug|Any CPU
		{6EFBA5C0-1721-46D1-805A-8C53EEE5D535}.Release|Any CPU.ActiveCfg = Release|Any CPU
		{6EFBA5C0-1721-46D1-805A-8C53EEE5D535}.Release|Any CPU.Build.0 = Release|Any CPU
		{6926CDC1-A9FE-4BFC-8E4E-9C230B2F53F4}.Debug|Any CPU.ActiveCfg = Debug|Any CPU
		{6926CDC1-A9FE-4BFC-8E4E-9C230B2F53F4}.Debug|Any CPU.Build.0 = Debug|Any CPU
		{6926CDC1-A9FE-4BFC-8E4E-9C230B2F53F4}.Release|Any CPU.ActiveCfg = Release|Any CPU
		{6926CDC1-A9FE-4BFC-8E4E-9C230B2F53F4}.Release|Any CPU.Build.0 = Release|Any CPU
	EndGlobalSection
	GlobalSection(SolutionProperties) = preSolution
		HideSolutionNode = FALSE
	EndGlobalSection
EndGlobal
