
Microsoft Visual Studio Solution File, Format Version 12.00
# Visual Studio 14
VisualStudioVersion = 14.0.25420.1
MinimumVisualStudioVersion = 10.0.40219.1
Project("{FAE04EC0-301F-11D3-BF4B-00C04F79EFBC}") = "Windows Form App Test", "Windows Form App Test\Windows Form App Test.csproj", "{176A5E67-D517-423B-8119-A534CE63BE33}"
EndProject
Global
	GlobalSection(SolutionConfigurationPlatforms) = preSolution
		Debug|Any CPU = Debug|Any CPU
		Release|Any CPU = Release|Any CPU
	EndGlobalSection
	GlobalSection(ProjectConfigurationPlatforms) = postSolution
		{176A5E67-D517-423B-8119-A534CE63BE33}.Debug|Any CPU.ActiveCfg = Debug|Any CPU
		{176A5E67-D517-423B-8119-A534CE63BE33}.Debug|Any CPU.Build.0 = Debug|Any CPU
		{176A5E67-D517-423B-8119-A534CE63BE33}.Release|Any CPU.ActiveCfg = Release|Any CPU
		{176A5E67-D517-423B-8119-A534CE63BE33}.Release|Any CPU.Build.0 = Release|Any CPU
	EndGlobalSection
	GlobalSection(SolutionProperties) = preSolution
		HideSolutionNode = FALSE
	EndGlobalSection
EndGlobal
