
Microsoft Visual Studio Solution File, Format Version 12.00
# Visual Studio 14
VisualStudioVersion = 14.0.25420.1
MinimumVisualStudioVersion = 10.0.40219.1
Project("{FAE04EC0-301F-11D3-BF4B-00C04F79EFBC}") = "Problem 5 Fox 20.11.16", "Problem 5 Fox 20.11.16\Problem 5 Fox 20.11.16.csproj", "{06D8EE53-D8A9-4EA8-81F6-86638C2A8CC2}"
EndProject
Project("{FAE04EC0-301F-11D3-BF4B-00C04F79EFBC}") = "Problem 6 Battles 20.11.16", "Problem 6 Battles 20.11.16\Problem 6 Battles 20.11.16.csproj", "{A3F68760-82F4-4177-8830-9B6D4E8D2FC0}"
EndProject
Project("{FAE04EC0-301F-11D3-BF4B-00C04F79EFBC}") = "Problem 4 20.11.16", "Problem 4 20.11.16\Problem 4 20.11.16.csproj", "{436D7A87-7271-4D30-AA4D-434673C936BB}"
EndProject
Project("{FAE04EC0-301F-11D3-BF4B-00C04F79EFBC}") = "Problem 2 Pets 20.11.16", "Problem 2 Pets 20.11.16\Problem 2 Pets 20.11.16.csproj", "{E9B56BE1-5267-49AD-BC60-2F74B77139B4}"
EndProject
Project("{FAE04EC0-301F-11D3-BF4B-00C04F79EFBC}") = "Problem 1 Fish Market 20.11.16", "Problem 1 Fish Market 20.11.16\Problem 1 Fish Market 20.11.16.csproj", "{BACF6C11-677D-4BC2-9855-6D1D393A5CD6}"
EndProject
Global
	GlobalSection(SolutionConfigurationPlatforms) = preSolution
		Debug|Any CPU = Debug|Any CPU
		Release|Any CPU = Release|Any CPU
	EndGlobalSection
	GlobalSection(ProjectConfigurationPlatforms) = postSolution
		{06D8EE53-D8A9-4EA8-81F6-86638C2A8CC2}.Debug|Any CPU.ActiveCfg = Debug|Any CPU
		{06D8EE53-D8A9-4EA8-81F6-86638C2A8CC2}.Debug|Any CPU.Build.0 = Debug|Any CPU
		{06D8EE53-D8A9-4EA8-81F6-86638C2A8CC2}.Release|Any CPU.ActiveCfg = Release|Any CPU
		{06D8EE53-D8A9-4EA8-81F6-86638C2A8CC2}.Release|Any CPU.Build.0 = Release|Any CPU
		{A3F68760-82F4-4177-8830-9B6D4E8D2FC0}.Debug|Any CPU.ActiveCfg = Debug|Any CPU
		{A3F68760-82F4-4177-8830-9B6D4E8D2FC0}.Debug|Any CPU.Build.0 = Debug|Any CPU
		{A3F68760-82F4-4177-8830-9B6D4E8D2FC0}.Release|Any CPU.ActiveCfg = Release|Any CPU
		{A3F68760-82F4-4177-8830-9B6D4E8D2FC0}.Release|Any CPU.Build.0 = Release|Any CPU
		{436D7A87-7271-4D30-AA4D-434673C936BB}.Debug|Any CPU.ActiveCfg = Debug|Any CPU
		{436D7A87-7271-4D30-AA4D-434673C936BB}.Debug|Any CPU.Build.0 = Debug|Any CPU
		{436D7A87-7271-4D30-AA4D-434673C936BB}.Release|Any CPU.ActiveCfg = Release|Any CPU
		{436D7A87-7271-4D30-AA4D-434673C936BB}.Release|Any CPU.Build.0 = Release|Any CPU
		{E9B56BE1-5267-49AD-BC60-2F74B77139B4}.Debug|Any CPU.ActiveCfg = Debug|Any CPU
		{E9B56BE1-5267-49AD-BC60-2F74B77139B4}.Debug|Any CPU.Build.0 = Debug|Any CPU
		{E9B56BE1-5267-49AD-BC60-2F74B77139B4}.Release|Any CPU.ActiveCfg = Release|Any CPU
		{E9B56BE1-5267-49AD-BC60-2F74B77139B4}.Release|Any CPU.Build.0 = Release|Any CPU
		{BACF6C11-677D-4BC2-9855-6D1D393A5CD6}.Debug|Any CPU.ActiveCfg = Debug|Any CPU
		{BACF6C11-677D-4BC2-9855-6D1D393A5CD6}.Debug|Any CPU.Build.0 = Debug|Any CPU
		{BACF6C11-677D-4BC2-9855-6D1D393A5CD6}.Release|Any CPU.ActiveCfg = Release|Any CPU
		{BACF6C11-677D-4BC2-9855-6D1D393A5CD6}.Release|Any CPU.Build.0 = Release|Any CPU
	EndGlobalSection
	GlobalSection(SolutionProperties) = preSolution
		HideSolutionNode = FALSE
	EndGlobalSection
EndGlobal
