
Microsoft Visual Studio Solution File, Format Version 12.00
# Visual Studio 14
VisualStudioVersion = 14.0.25420.1
MinimumVisualStudioVersion = 10.0.40219.1
Project("{FAE04EC0-301F-11D3-BF4B-00C04F79EFBC}") = "Conditional Statements Loops-Exercises", "Conditional Statements Loops-Exercises\Conditional Statements Loops-Exercises.csproj", "{337AD974-117D-4934-A970-6D787E8FB4B4}"
EndProject
Project("{FAE04EC0-301F-11D3-BF4B-00C04F79EFBC}") = "14. Magic Number", "14. Magic Number\14. Magic Number.csproj", "{BF20D6F1-4EE4-46E9-937B-DB73231A934B}"
EndProject
Project("{FAE04EC0-301F-11D3-BF4B-00C04F79EFBC}") = "10. Triangle of numbers", "10. Triangle of numbers\10. Triangle of numbers.csproj", "{35D79586-899C-4EA2-9281-F9A49BCFA667}"
EndProject
Project("{FAE04EC0-301F-11D3-BF4B-00C04F79EFBC}") = "01. Choose a drink", "01. Choose a drink\01. Choose a drink.csproj", "{E03E8A0F-AAEA-4A0C-A79F-AFF85C697A28}"
EndProject
Project("{FAE04EC0-301F-11D3-BF4B-00C04F79EFBC}") = "06. Interval between numbers", "06. Interval between numbers\06. Interval between numbers.csproj", "{53783D30-0994-4BF1-BCD5-F0C137812EAD}"
EndProject
Project("{FAE04EC0-301F-11D3-BF4B-00C04F79EFBC}") = "07. Cake ingredients", "07. Cake ingredients\07. Cake ingredients.csproj", "{B230A312-B305-4815-99AF-14B15151F57B}"
EndProject
Project("{FAE04EC0-301F-11D3-BF4B-00C04F79EFBC}") = "08. Calories Counter", "08. Calories Counter\08. Calories Counter.csproj", "{3965D853-84E1-483B-81DC-CAE97C01668B}"
EndProject
Project("{FAE04EC0-301F-11D3-BF4B-00C04F79EFBC}") = "09. Count the integers", "09. Count the integers\09. Count the integers.csproj", "{9A9F2C5E-C225-4036-866B-753C9996A99E}"
EndProject
Project("{FAE04EC0-301F-11D3-BF4B-00C04F79EFBC}") = "11. 5 different numbers", "11. 5 different numbers\11. 5 different numbers.csproj", "{B89C6F0E-8803-461F-9747-83878C3883A9}"
EndProject
Project("{FAE04EC0-301F-11D3-BF4B-00C04F79EFBC}") = "13. Game of numbers", "13. Game of numbers\13. Game of numbers.csproj", "{BC06040A-7A61-49D7-91E2-3B8B95B481B4}"
EndProject
Project("{FAE04EC0-301F-11D3-BF4B-00C04F79EFBC}") = "12. Test numbers", "12. Test numbers\12. Test numbers.csproj", "{7D891F48-A794-42F6-A975-C572BD012B6D}"
EndProject
Project("{FAE04EC0-301F-11D3-BF4B-00C04F79EFBC}") = "15. Neighbour War", "15. Neighbour War\15. Neighbour War.csproj", "{7925E378-5113-4026-BE5E-643F8362DC9F}"
EndProject
Project("{FAE04EC0-301F-11D3-BF4B-00C04F79EFBC}") = "03. Restaurant Discount", "03. Restaurant Discount\03. Restaurant Discount.csproj", "{875973E7-32AE-4EE6-BEE4-9E3498198E1C}"
EndProject
Project("{FAE04EC0-301F-11D3-BF4B-00C04F79EFBC}") = "04. Hotel", "04. Hotel\04. Hotel.csproj", "{8552A089-A7F9-48F9-8AB5-CCB13288C8D0}"
EndProject
Project("{FAE04EC0-301F-11D3-BF4B-00C04F79EFBC}") = "07. Training Hall Equipment", "07. Training Hall Equipment\07. Training Hall Equipment.csproj", "{66360078-A4E4-4698-ABD7-0A363E6C08C1}"
EndProject
Global
	GlobalSection(SolutionConfigurationPlatforms) = preSolution
		Debug|Any CPU = Debug|Any CPU
		Release|Any CPU = Release|Any CPU
	EndGlobalSection
	GlobalSection(ProjectConfigurationPlatforms) = postSolution
		{337AD974-117D-4934-A970-6D787E8FB4B4}.Debug|Any CPU.ActiveCfg = Debug|Any CPU
		{337AD974-117D-4934-A970-6D787E8FB4B4}.Debug|Any CPU.Build.0 = Debug|Any CPU
		{337AD974-117D-4934-A970-6D787E8FB4B4}.Release|Any CPU.ActiveCfg = Release|Any CPU
		{337AD974-117D-4934-A970-6D787E8FB4B4}.Release|Any CPU.Build.0 = Release|Any CPU
		{BF20D6F1-4EE4-46E9-937B-DB73231A934B}.Debug|Any CPU.ActiveCfg = Debug|Any CPU
		{BF20D6F1-4EE4-46E9-937B-DB73231A934B}.Debug|Any CPU.Build.0 = Debug|Any CPU
		{BF20D6F1-4EE4-46E9-937B-DB73231A934B}.Release|Any CPU.ActiveCfg = Release|Any CPU
		{BF20D6F1-4EE4-46E9-937B-DB73231A934B}.Release|Any CPU.Build.0 = Release|Any CPU
		{35D79586-899C-4EA2-9281-F9A49BCFA667}.Debug|Any CPU.ActiveCfg = Debug|Any CPU
		{35D79586-899C-4EA2-9281-F9A49BCFA667}.Debug|Any CPU.Build.0 = Debug|Any CPU
		{35D79586-899C-4EA2-9281-F9A49BCFA667}.Release|Any CPU.ActiveCfg = Release|Any CPU
		{35D79586-899C-4EA2-9281-F9A49BCFA667}.Release|Any CPU.Build.0 = Release|Any CPU
		{E03E8A0F-AAEA-4A0C-A79F-AFF85C697A28}.Debug|Any CPU.ActiveCfg = Debug|Any CPU
		{E03E8A0F-AAEA-4A0C-A79F-AFF85C697A28}.Debug|Any CPU.Build.0 = Debug|Any CPU
		{E03E8A0F-AAEA-4A0C-A79F-AFF85C697A28}.Release|Any CPU.ActiveCfg = Release|Any CPU
		{E03E8A0F-AAEA-4A0C-A79F-AFF85C697A28}.Release|Any CPU.Build.0 = Release|Any CPU
		{53783D30-0994-4BF1-BCD5-F0C137812EAD}.Debug|Any CPU.ActiveCfg = Debug|Any CPU
		{53783D30-0994-4BF1-BCD5-F0C137812EAD}.Debug|Any CPU.Build.0 = Debug|Any CPU
		{53783D30-0994-4BF1-BCD5-F0C137812EAD}.Release|Any CPU.ActiveCfg = Release|Any CPU
		{53783D30-0994-4BF1-BCD5-F0C137812EAD}.Release|Any CPU.Build.0 = Release|Any CPU
		{B230A312-B305-4815-99AF-14B15151F57B}.Debug|Any CPU.ActiveCfg = Debug|Any CPU
		{B230A312-B305-4815-99AF-14B15151F57B}.Debug|Any CPU.Build.0 = Debug|Any CPU
		{B230A312-B305-4815-99AF-14B15151F57B}.Release|Any CPU.ActiveCfg = Release|Any CPU
		{B230A312-B305-4815-99AF-14B15151F57B}.Release|Any CPU.Build.0 = Release|Any CPU
		{3965D853-84E1-483B-81DC-CAE97C01668B}.Debug|Any CPU.ActiveCfg = Debug|Any CPU
		{3965D853-84E1-483B-81DC-CAE97C01668B}.Debug|Any CPU.Build.0 = Debug|Any CPU
		{3965D853-84E1-483B-81DC-CAE97C01668B}.Release|Any CPU.ActiveCfg = Release|Any CPU
		{3965D853-84E1-483B-81DC-CAE97C01668B}.Release|Any CPU.Build.0 = Release|Any CPU
		{9A9F2C5E-C225-4036-866B-753C9996A99E}.Debug|Any CPU.ActiveCfg = Debug|Any CPU
		{9A9F2C5E-C225-4036-866B-753C9996A99E}.Debug|Any CPU.Build.0 = Debug|Any CPU
		{9A9F2C5E-C225-4036-866B-753C9996A99E}.Release|Any CPU.ActiveCfg = Release|Any CPU
		{9A9F2C5E-C225-4036-866B-753C9996A99E}.Release|Any CPU.Build.0 = Release|Any CPU
		{B89C6F0E-8803-461F-9747-83878C3883A9}.Debug|Any CPU.ActiveCfg = Debug|Any CPU
		{B89C6F0E-8803-461F-9747-83878C3883A9}.Debug|Any CPU.Build.0 = Debug|Any CPU
		{B89C6F0E-8803-461F-9747-83878C3883A9}.Release|Any CPU.ActiveCfg = Release|Any CPU
		{B89C6F0E-8803-461F-9747-83878C3883A9}.Release|Any CPU.Build.0 = Release|Any CPU
		{BC06040A-7A61-49D7-91E2-3B8B95B481B4}.Debug|Any CPU.ActiveCfg = Debug|Any CPU
		{BC06040A-7A61-49D7-91E2-3B8B95B481B4}.Debug|Any CPU.Build.0 = Debug|Any CPU
		{BC06040A-7A61-49D7-91E2-3B8B95B481B4}.Release|Any CPU.ActiveCfg = Release|Any CPU
		{BC06040A-7A61-49D7-91E2-3B8B95B481B4}.Release|Any CPU.Build.0 = Release|Any CPU
		{7D891F48-A794-42F6-A975-C572BD012B6D}.Debug|Any CPU.ActiveCfg = Debug|Any CPU
		{7D891F48-A794-42F6-A975-C572BD012B6D}.Debug|Any CPU.Build.0 = Debug|Any CPU
		{7D891F48-A794-42F6-A975-C572BD012B6D}.Release|Any CPU.ActiveCfg = Release|Any CPU
		{7D891F48-A794-42F6-A975-C572BD012B6D}.Release|Any CPU.Build.0 = Release|Any CPU
		{7925E378-5113-4026-BE5E-643F8362DC9F}.Debug|Any CPU.ActiveCfg = Debug|Any CPU
		{7925E378-5113-4026-BE5E-643F8362DC9F}.Debug|Any CPU.Build.0 = Debug|Any CPU
		{7925E378-5113-4026-BE5E-643F8362DC9F}.Release|Any CPU.ActiveCfg = Release|Any CPU
		{7925E378-5113-4026-BE5E-643F8362DC9F}.Release|Any CPU.Build.0 = Release|Any CPU
		{875973E7-32AE-4EE6-BEE4-9E3498198E1C}.Debug|Any CPU.ActiveCfg = Debug|Any CPU
		{875973E7-32AE-4EE6-BEE4-9E3498198E1C}.Debug|Any CPU.Build.0 = Debug|Any CPU
		{875973E7-32AE-4EE6-BEE4-9E3498198E1C}.Release|Any CPU.ActiveCfg = Release|Any CPU
		{875973E7-32AE-4EE6-BEE4-9E3498198E1C}.Release|Any CPU.Build.0 = Release|Any CPU
		{8552A089-A7F9-48F9-8AB5-CCB13288C8D0}.Debug|Any CPU.ActiveCfg = Debug|Any CPU
		{8552A089-A7F9-48F9-8AB5-CCB13288C8D0}.Debug|Any CPU.Build.0 = Debug|Any CPU
		{8552A089-A7F9-48F9-8AB5-CCB13288C8D0}.Release|Any CPU.ActiveCfg = Release|Any CPU
		{8552A089-A7F9-48F9-8AB5-CCB13288C8D0}.Release|Any CPU.Build.0 = Release|Any CPU
		{66360078-A4E4-4698-ABD7-0A363E6C08C1}.Debug|Any CPU.ActiveCfg = Debug|Any CPU
		{66360078-A4E4-4698-ABD7-0A363E6C08C1}.Debug|Any CPU.Build.0 = Debug|Any CPU
		{66360078-A4E4-4698-ABD7-0A363E6C08C1}.Release|Any CPU.ActiveCfg = Release|Any CPU
		{66360078-A4E4-4698-ABD7-0A363E6C08C1}.Release|Any CPU.Build.0 = Release|Any CPU
	EndGlobalSection
	GlobalSection(SolutionProperties) = preSolution
		HideSolutionNode = FALSE
	EndGlobalSection
EndGlobal
