
Microsoft Visual Studio Solution File, Format Version 12.00
# Visual Studio 14
VisualStudioVersion = 14.0.25420.1
MinimumVisualStudioVersion = 10.0.40219.1
Project("{FAE04EC0-301F-11D3-BF4B-00C04F79EFBC}") = "01.Methods And Debugging - P1", "01.Methods And Debugging - P1\01.Methods And Debugging - P1.csproj", "{3AB40DDB-7C71-470A-B827-976418E92210}"
EndProject
Project("{FAE04EC0-301F-11D3-BF4B-00C04F79EFBC}") = "04. Draw a Filled Square", "04. Draw a Filled Square\04. Draw a Filled Square.csproj", "{A22B53BB-6D75-4340-9DEC-E3863B00DF0E}"
EndProject
Project("{FAE04EC0-301F-11D3-BF4B-00C04F79EFBC}") = "05. Calculate Trianlge Area", "05. Calculate Trianlge Area\05. Calculate Trianlge Area.csproj", "{21C2CAE7-42AE-4673-9B68-B240F82AA8BE}"
EndProject
Project("{FAE04EC0-301F-11D3-BF4B-00C04F79EFBC}") = "06. Math Power", "06. Math Power\06. Math Power.csproj", "{17C9B795-D1D5-4412-8D70-AD65B63FE6A4}"
EndProject
Project("{FAE04EC0-301F-11D3-BF4B-00C04F79EFBC}") = "07.Greater of two values", "07.Greater of two values\07.Greater of two values.csproj", "{78001501-F83C-4853-8B86-5A63940687E9}"
EndProject
Project("{FAE04EC0-301F-11D3-BF4B-00C04F79EFBC}") = "08. Multipling evens and odds", "08. Multipling evens and odds\08. Multipling evens and odds.csproj", "{6F14B56E-B54A-48CF-8297-A581A6903066}"
EndProject
Project("{FAE04EC0-301F-11D3-BF4B-00C04F79EFBC}") = "03. Printing Triangle", "03. Printing Triangle\03. Printing Triangle.csproj", "{953AF7DF-CEEC-4873-B19E-79A3F44CFECF}"
EndProject
Project("{FAE04EC0-301F-11D3-BF4B-00C04F79EFBC}") = "01. Print Empty Receipt", "01. Print Empty Receipt\01. Print Empty Receipt.csproj", "{9E49C4CF-F25A-48EA-993B-1B6245383A9D}"
EndProject
Project("{FAE04EC0-301F-11D3-BF4B-00C04F79EFBC}") = "09.Holidays Between Two Dates", "09.Holidays Between Two Dates\09.Holidays Between Two Dates.csproj", "{FDE22C51-46C8-427B-B453-B23A09ECF4C5}"
EndProject
Global
	GlobalSection(SolutionConfigurationPlatforms) = preSolution
		Debug|Any CPU = Debug|Any CPU
		Release|Any CPU = Release|Any CPU
	EndGlobalSection
	GlobalSection(ProjectConfigurationPlatforms) = postSolution
		{3AB40DDB-7C71-470A-B827-976418E92210}.Debug|Any CPU.ActiveCfg = Debug|Any CPU
		{3AB40DDB-7C71-470A-B827-976418E92210}.Debug|Any CPU.Build.0 = Debug|Any CPU
		{3AB40DDB-7C71-470A-B827-976418E92210}.Release|Any CPU.ActiveCfg = Release|Any CPU
		{3AB40DDB-7C71-470A-B827-976418E92210}.Release|Any CPU.Build.0 = Release|Any CPU
		{A22B53BB-6D75-4340-9DEC-E3863B00DF0E}.Debug|Any CPU.ActiveCfg = Debug|Any CPU
		{A22B53BB-6D75-4340-9DEC-E3863B00DF0E}.Debug|Any CPU.Build.0 = Debug|Any CPU
		{A22B53BB-6D75-4340-9DEC-E3863B00DF0E}.Release|Any CPU.ActiveCfg = Release|Any CPU
		{A22B53BB-6D75-4340-9DEC-E3863B00DF0E}.Release|Any CPU.Build.0 = Release|Any CPU
		{21C2CAE7-42AE-4673-9B68-B240F82AA8BE}.Debug|Any CPU.ActiveCfg = Debug|Any CPU
		{21C2CAE7-42AE-4673-9B68-B240F82AA8BE}.Debug|Any CPU.Build.0 = Debug|Any CPU
		{21C2CAE7-42AE-4673-9B68-B240F82AA8BE}.Release|Any CPU.ActiveCfg = Release|Any CPU
		{21C2CAE7-42AE-4673-9B68-B240F82AA8BE}.Release|Any CPU.Build.0 = Release|Any CPU
		{17C9B795-D1D5-4412-8D70-AD65B63FE6A4}.Debug|Any CPU.ActiveCfg = Debug|Any CPU
		{17C9B795-D1D5-4412-8D70-AD65B63FE6A4}.Debug|Any CPU.Build.0 = Debug|Any CPU
		{17C9B795-D1D5-4412-8D70-AD65B63FE6A4}.Release|Any CPU.ActiveCfg = Release|Any CPU
		{17C9B795-D1D5-4412-8D70-AD65B63FE6A4}.Release|Any CPU.Build.0 = Release|Any CPU
		{78001501-F83C-4853-8B86-5A63940687E9}.Debug|Any CPU.ActiveCfg = Debug|Any CPU
		{78001501-F83C-4853-8B86-5A63940687E9}.Debug|Any CPU.Build.0 = Debug|Any CPU
		{78001501-F83C-4853-8B86-5A63940687E9}.Release|Any CPU.ActiveCfg = Release|Any CPU
		{78001501-F83C-4853-8B86-5A63940687E9}.Release|Any CPU.Build.0 = Release|Any CPU
		{6F14B56E-B54A-48CF-8297-A581A6903066}.Debug|Any CPU.ActiveCfg = Debug|Any CPU
		{6F14B56E-B54A-48CF-8297-A581A6903066}.Debug|Any CPU.Build.0 = Debug|Any CPU
		{6F14B56E-B54A-48CF-8297-A581A6903066}.Release|Any CPU.ActiveCfg = Release|Any CPU
		{6F14B56E-B54A-48CF-8297-A581A6903066}.Release|Any CPU.Build.0 = Release|Any CPU
		{953AF7DF-CEEC-4873-B19E-79A3F44CFECF}.Debug|Any CPU.ActiveCfg = Debug|Any CPU
		{953AF7DF-CEEC-4873-B19E-79A3F44CFECF}.Debug|Any CPU.Build.0 = Debug|Any CPU
		{953AF7DF-CEEC-4873-B19E-79A3F44CFECF}.Release|Any CPU.ActiveCfg = Release|Any CPU
		{953AF7DF-CEEC-4873-B19E-79A3F44CFECF}.Release|Any CPU.Build.0 = Release|Any CPU
		{9E49C4CF-F25A-48EA-993B-1B6245383A9D}.Debug|Any CPU.ActiveCfg = Debug|Any CPU
		{9E49C4CF-F25A-48EA-993B-1B6245383A9D}.Debug|Any CPU.Build.0 = Debug|Any CPU
		{9E49C4CF-F25A-48EA-993B-1B6245383A9D}.Release|Any CPU.ActiveCfg = Release|Any CPU
		{9E49C4CF-F25A-48EA-993B-1B6245383A9D}.Release|Any CPU.Build.0 = Release|Any CPU
		{FDE22C51-46C8-427B-B453-B23A09ECF4C5}.Debug|Any CPU.ActiveCfg = Debug|Any CPU
		{FDE22C51-46C8-427B-B453-B23A09ECF4C5}.Debug|Any CPU.Build.0 = Debug|Any CPU
		{FDE22C51-46C8-427B-B453-B23A09ECF4C5}.Release|Any CPU.ActiveCfg = Release|Any CPU
		{FDE22C51-46C8-427B-B453-B23A09ECF4C5}.Release|Any CPU.Build.0 = Release|Any CPU
	EndGlobalSection
	GlobalSection(SolutionProperties) = preSolution
		HideSolutionNode = FALSE
	EndGlobalSection
EndGlobal
