
Microsoft Visual Studio Solution File, Format Version 12.00
# Visual Studio 14
VisualStudioVersion = 14.0.25420.1
MinimumVisualStudioVersion = 10.0.40219.1
Project("{FAE04EC0-301F-11D3-BF4B-00C04F79EFBC}") = "01. Data Types And Variables - M. Excers", "01. Data Types And Variables - M. Excers\01. Data Types And Variables - M. Excers.csproj", "{AF410F7D-8F3B-4A41-8AC3-136213F93993}"
EndProject
Project("{FAE04EC0-301F-11D3-BF4B-00C04F79EFBC}") = "02.Number Checker", "02.Number Checker\02.Number Checker.csproj", "{67A5EDF7-18E9-4498-99C8-E0EA8CF65221}"
EndProject
Project("{FAE04EC0-301F-11D3-BF4B-00C04F79EFBC}") = "03. Water Overflow", "03. Water Overflow\03. Water Overflow.csproj", "{009F995B-0841-4F5C-998A-C7DCD3DC5EC9}"
EndProject
Project("{FAE04EC0-301F-11D3-BF4B-00C04F79EFBC}") = "04. Tourist Info", "04. Tourist Info\04. Tourist Info.csproj", "{1B87D707-1F4B-401F-8598-74835EB52535}"
EndProject
Project("{FAE04EC0-301F-11D3-BF4B-00C04F79EFBC}") = "05. Weather Forecast", "05. Weather Forecast\05. Weather Forecast.csproj", "{C6FD40DF-8244-4094-9A35-9EE39DCA98FE}"
EndProject
Project("{FAE04EC0-301F-11D3-BF4B-00C04F79EFBC}") = "06. Catch The Thief", "06. Catch The Thief\06. Catch The Thief.csproj", "{A11D5041-774E-41A4-8BBF-ACB556C77817}"
EndProject
Project("{FAE04EC0-301F-11D3-BF4B-00C04F79EFBC}") = "08. House Builder", "08. House Builder\08. House Builder.csproj", "{14C9DCC3-37E3-450A-B84D-2E9E037FB452}"
EndProject
Project("{FAE04EC0-301F-11D3-BF4B-00C04F79EFBC}") = "09. Make a word", "09. Make a word\09. Make a word.csproj", "{A8692E15-1442-4F19-864B-C1981EABBB87}"
EndProject
Project("{FAE04EC0-301F-11D3-BF4B-00C04F79EFBC}") = "10. Sum of chars", "10. Sum of chars\10. Sum of chars.csproj", "{EE78C77D-2218-4ED4-9E1E-59CF2BF1095E}"
EndProject
Project("{FAE04EC0-301F-11D3-BF4B-00C04F79EFBC}") = "11. String Concatenation", "11. String Concatenation\11. String Concatenation.csproj", "{2339F745-322F-40FD-9FD4-8DAB10976D53}"
EndProject
Project("{FAE04EC0-301F-11D3-BF4B-00C04F79EFBC}") = "15. Balanced Brackets", "15. Balanced Brackets\15. Balanced Brackets.csproj", "{EE07AEAB-3FE8-45A5-B3BB-B2C92431EF27}"
EndProject
Project("{FAE04EC0-301F-11D3-BF4B-00C04F79EFBC}") = "13. Dectypting Messages", "13. Dectypting Messages\13. Dectypting Messages.csproj", "{984D59F6-87FC-43D1-A7AD-4DE22B7DDDC8}"
EndProject
Project("{FAE04EC0-301F-11D3-BF4B-00C04F79EFBC}") = "13. Beer Kegs", "13. Beer Kegs\13. Beer Kegs.csproj", "{A0C1B316-0451-4A72-93B1-9AA012653B81}"
EndProject
Project("{FAE04EC0-301F-11D3-BF4B-00C04F79EFBC}") = "15. Brackets New Way", "15. Brackets New Way\15. Brackets New Way.csproj", "{521E2017-1174-473F-8FA8-0E3426F719F5}"
EndProject
Project("{FAE04EC0-301F-11D3-BF4B-00C04F79EFBC}") = "14. Boat Simulator", "14. Boat Simulator\14. Boat Simulator.csproj", "{B8A79216-0BDC-402E-828D-17C5D0C4E115}"
EndProject
Project("{FAE04EC0-301F-11D3-BF4B-00C04F79EFBC}") = "07. Sentence The Thief", "07. Sentence The Thief\07. Sentence The Thief.csproj", "{9F47CA2B-BCED-4D8F-8F4C-89B6E30959FE}"
EndProject
Global
	GlobalSection(SolutionConfigurationPlatforms) = preSolution
		Debug|Any CPU = Debug|Any CPU
		Release|Any CPU = Release|Any CPU
	EndGlobalSection
	GlobalSection(ProjectConfigurationPlatforms) = postSolution
		{AF410F7D-8F3B-4A41-8AC3-136213F93993}.Debug|Any CPU.ActiveCfg = Debug|Any CPU
		{AF410F7D-8F3B-4A41-8AC3-136213F93993}.Debug|Any CPU.Build.0 = Debug|Any CPU
		{AF410F7D-8F3B-4A41-8AC3-136213F93993}.Release|Any CPU.ActiveCfg = Release|Any CPU
		{AF410F7D-8F3B-4A41-8AC3-136213F93993}.Release|Any CPU.Build.0 = Release|Any CPU
		{67A5EDF7-18E9-4498-99C8-E0EA8CF65221}.Debug|Any CPU.ActiveCfg = Debug|Any CPU
		{67A5EDF7-18E9-4498-99C8-E0EA8CF65221}.Debug|Any CPU.Build.0 = Debug|Any CPU
		{67A5EDF7-18E9-4498-99C8-E0EA8CF65221}.Release|Any CPU.ActiveCfg = Release|Any CPU
		{67A5EDF7-18E9-4498-99C8-E0EA8CF65221}.Release|Any CPU.Build.0 = Release|Any CPU
		{009F995B-0841-4F5C-998A-C7DCD3DC5EC9}.Debug|Any CPU.ActiveCfg = Debug|Any CPU
		{009F995B-0841-4F5C-998A-C7DCD3DC5EC9}.Debug|Any CPU.Build.0 = Debug|Any CPU
		{009F995B-0841-4F5C-998A-C7DCD3DC5EC9}.Release|Any CPU.ActiveCfg = Release|Any CPU
		{009F995B-0841-4F5C-998A-C7DCD3DC5EC9}.Release|Any CPU.Build.0 = Release|Any CPU
		{1B87D707-1F4B-401F-8598-74835EB52535}.Debug|Any CPU.ActiveCfg = Debug|Any CPU
		{1B87D707-1F4B-401F-8598-74835EB52535}.Debug|Any CPU.Build.0 = Debug|Any CPU
		{1B87D707-1F4B-401F-8598-74835EB52535}.Release|Any CPU.ActiveCfg = Release|Any CPU
		{1B87D707-1F4B-401F-8598-74835EB52535}.Release|Any CPU.Build.0 = Release|Any CPU
		{C6FD40DF-8244-4094-9A35-9EE39DCA98FE}.Debug|Any CPU.ActiveCfg = Debug|Any CPU
		{C6FD40DF-8244-4094-9A35-9EE39DCA98FE}.Debug|Any CPU.Build.0 = Debug|Any CPU
		{C6FD40DF-8244-4094-9A35-9EE39DCA98FE}.Release|Any CPU.ActiveCfg = Release|Any CPU
		{C6FD40DF-8244-4094-9A35-9EE39DCA98FE}.Release|Any CPU.Build.0 = Release|Any CPU
		{A11D5041-774E-41A4-8BBF-ACB556C77817}.Debug|Any CPU.ActiveCfg = Debug|Any CPU
		{A11D5041-774E-41A4-8BBF-ACB556C77817}.Debug|Any CPU.Build.0 = Debug|Any CPU
		{A11D5041-774E-41A4-8BBF-ACB556C77817}.Release|Any CPU.ActiveCfg = Release|Any CPU
		{A11D5041-774E-41A4-8BBF-ACB556C77817}.Release|Any CPU.Build.0 = Release|Any CPU
		{14C9DCC3-37E3-450A-B84D-2E9E037FB452}.Debug|Any CPU.ActiveCfg = Debug|Any CPU
		{14C9DCC3-37E3-450A-B84D-2E9E037FB452}.Debug|Any CPU.Build.0 = Debug|Any CPU
		{14C9DCC3-37E3-450A-B84D-2E9E037FB452}.Release|Any CPU.ActiveCfg = Release|Any CPU
		{14C9DCC3-37E3-450A-B84D-2E9E037FB452}.Release|Any CPU.Build.0 = Release|Any CPU
		{A8692E15-1442-4F19-864B-C1981EABBB87}.Debug|Any CPU.ActiveCfg = Debug|Any CPU
		{A8692E15-1442-4F19-864B-C1981EABBB87}.Debug|Any CPU.Build.0 = Debug|Any CPU
		{A8692E15-1442-4F19-864B-C1981EABBB87}.Release|Any CPU.ActiveCfg = Release|Any CPU
		{A8692E15-1442-4F19-864B-C1981EABBB87}.Release|Any CPU.Build.0 = Release|Any CPU
		{EE78C77D-2218-4ED4-9E1E-59CF2BF1095E}.Debug|Any CPU.ActiveCfg = Debug|Any CPU
		{EE78C77D-2218-4ED4-9E1E-59CF2BF1095E}.Debug|Any CPU.Build.0 = Debug|Any CPU
		{EE78C77D-2218-4ED4-9E1E-59CF2BF1095E}.Release|Any CPU.ActiveCfg = Release|Any CPU
		{EE78C77D-2218-4ED4-9E1E-59CF2BF1095E}.Release|Any CPU.Build.0 = Release|Any CPU
		{2339F745-322F-40FD-9FD4-8DAB10976D53}.Debug|Any CPU.ActiveCfg = Debug|Any CPU
		{2339F745-322F-40FD-9FD4-8DAB10976D53}.Debug|Any CPU.Build.0 = Debug|Any CPU
		{2339F745-322F-40FD-9FD4-8DAB10976D53}.Release|Any CPU.ActiveCfg = Release|Any CPU
		{2339F745-322F-40FD-9FD4-8DAB10976D53}.Release|Any CPU.Build.0 = Release|Any CPU
		{EE07AEAB-3FE8-45A5-B3BB-B2C92431EF27}.Debug|Any CPU.ActiveCfg = Debug|Any CPU
		{EE07AEAB-3FE8-45A5-B3BB-B2C92431EF27}.Debug|Any CPU.Build.0 = Debug|Any CPU
		{EE07AEAB-3FE8-45A5-B3BB-B2C92431EF27}.Release|Any CPU.ActiveCfg = Release|Any CPU
		{EE07AEAB-3FE8-45A5-B3BB-B2C92431EF27}.Release|Any CPU.Build.0 = Release|Any CPU
		{984D59F6-87FC-43D1-A7AD-4DE22B7DDDC8}.Debug|Any CPU.ActiveCfg = Debug|Any CPU
		{984D59F6-87FC-43D1-A7AD-4DE22B7DDDC8}.Debug|Any CPU.Build.0 = Debug|Any CPU
		{984D59F6-87FC-43D1-A7AD-4DE22B7DDDC8}.Release|Any CPU.ActiveCfg = Release|Any CPU
		{984D59F6-87FC-43D1-A7AD-4DE22B7DDDC8}.Release|Any CPU.Build.0 = Release|Any CPU
		{A0C1B316-0451-4A72-93B1-9AA012653B81}.Debug|Any CPU.ActiveCfg = Debug|Any CPU
		{A0C1B316-0451-4A72-93B1-9AA012653B81}.Debug|Any CPU.Build.0 = Debug|Any CPU
		{A0C1B316-0451-4A72-93B1-9AA012653B81}.Release|Any CPU.ActiveCfg = Release|Any CPU
		{A0C1B316-0451-4A72-93B1-9AA012653B81}.Release|Any CPU.Build.0 = Release|Any CPU
		{521E2017-1174-473F-8FA8-0E3426F719F5}.Debug|Any CPU.ActiveCfg = Debug|Any CPU
		{521E2017-1174-473F-8FA8-0E3426F719F5}.Debug|Any CPU.Build.0 = Debug|Any CPU
		{521E2017-1174-473F-8FA8-0E3426F719F5}.Release|Any CPU.ActiveCfg = Release|Any CPU
		{521E2017-1174-473F-8FA8-0E3426F719F5}.Release|Any CPU.Build.0 = Release|Any CPU
		{B8A79216-0BDC-402E-828D-17C5D0C4E115}.Debug|Any CPU.ActiveCfg = Debug|Any CPU
		{B8A79216-0BDC-402E-828D-17C5D0C4E115}.Debug|Any CPU.Build.0 = Debug|Any CPU
		{B8A79216-0BDC-402E-828D-17C5D0C4E115}.Release|Any CPU.ActiveCfg = Release|Any CPU
		{B8A79216-0BDC-402E-828D-17C5D0C4E115}.Release|Any CPU.Build.0 = Release|Any CPU
		{9F47CA2B-BCED-4D8F-8F4C-89B6E30959FE}.Debug|Any CPU.ActiveCfg = Debug|Any CPU
		{9F47CA2B-BCED-4D8F-8F4C-89B6E30959FE}.Debug|Any CPU.Build.0 = Debug|Any CPU
		{9F47CA2B-BCED-4D8F-8F4C-89B6E30959FE}.Release|Any CPU.ActiveCfg = Release|Any CPU
		{9F47CA2B-BCED-4D8F-8F4C-89B6E30959FE}.Release|Any CPU.Build.0 = Release|Any CPU
	EndGlobalSection
	GlobalSection(SolutionProperties) = preSolution
		HideSolutionNode = FALSE
	EndGlobalSection
EndGlobal
