
Microsoft Visual Studio Solution File, Format Version 12.00
# Visual Studio 14
VisualStudioVersion = 14.0.25420.1
MinimumVisualStudioVersion = 10.0.40219.1
Project("{FAE04EC0-301F-11D3-BF4B-00C04F79EFBC}") = "01. Arrays - Lab", "01. Arrays - Lab\01. Arrays - Lab.csproj", "{965E3E44-90D5-4E66-BABA-3E680AEC5ACD}"
EndProject
Project("{FAE04EC0-301F-11D3-BF4B-00C04F79EFBC}") = "02. Array of Integers", "02. Array of Integers\02. Array of Integers.csproj", "{69510111-07A8-46B7-9909-691D241A6887}"
EndProject
Project("{FAE04EC0-301F-11D3-BF4B-00C04F79EFBC}") = "03. Last k sum sequence", "03. Last k sum sequence\03. Last k sum sequence.csproj", "{D3F3E458-333B-49EF-8C8E-49BC17C7A50F}"
EndProject
Project("{FAE04EC0-301F-11D3-BF4B-00C04F79EFBC}") = "04.Triple Sum", "04.Triple Sum\04.Triple Sum.csproj", "{26EB7704-14FB-47A1-B884-64D12B7E485F}"
EndProject
Project("{FAE04EC0-301F-11D3-BF4B-00C04F79EFBC}") = "09. Exact Middle", "09. Exact Middle\09. Exact Middle.csproj", "{3C46B2B6-581F-4E44-9D03-103E45D5A3B0}"
EndProject
Global
	GlobalSection(SolutionConfigurationPlatforms) = preSolution
		Debug|Any CPU = Debug|Any CPU
		Release|Any CPU = Release|Any CPU
	EndGlobalSection
	GlobalSection(ProjectConfigurationPlatforms) = postSolution
		{965E3E44-90D5-4E66-BABA-3E680AEC5ACD}.Debug|Any CPU.ActiveCfg = Debug|Any CPU
		{965E3E44-90D5-4E66-BABA-3E680AEC5ACD}.Debug|Any CPU.Build.0 = Debug|Any CPU
		{965E3E44-90D5-4E66-BABA-3E680AEC5ACD}.Release|Any CPU.ActiveCfg = Release|Any CPU
		{965E3E44-90D5-4E66-BABA-3E680AEC5ACD}.Release|Any CPU.Build.0 = Release|Any CPU
		{69510111-07A8-46B7-9909-691D241A6887}.Debug|Any CPU.ActiveCfg = Debug|Any CPU
		{69510111-07A8-46B7-9909-691D241A6887}.Debug|Any CPU.Build.0 = Debug|Any CPU
		{69510111-07A8-46B7-9909-691D241A6887}.Release|Any CPU.ActiveCfg = Release|Any CPU
		{69510111-07A8-46B7-9909-691D241A6887}.Release|Any CPU.Build.0 = Release|Any CPU
		{D3F3E458-333B-49EF-8C8E-49BC17C7A50F}.Debug|Any CPU.ActiveCfg = Debug|Any CPU
		{D3F3E458-333B-49EF-8C8E-49BC17C7A50F}.Debug|Any CPU.Build.0 = Debug|Any CPU
		{D3F3E458-333B-49EF-8C8E-49BC17C7A50F}.Release|Any CPU.ActiveCfg = Release|Any CPU
		{D3F3E458-333B-49EF-8C8E-49BC17C7A50F}.Release|Any CPU.Build.0 = Release|Any CPU
		{26EB7704-14FB-47A1-B884-64D12B7E485F}.Debug|Any CPU.ActiveCfg = Debug|Any CPU
		{26EB7704-14FB-47A1-B884-64D12B7E485F}.Debug|Any CPU.Build.0 = Debug|Any CPU
		{26EB7704-14FB-47A1-B884-64D12B7E485F}.Release|Any CPU.ActiveCfg = Release|Any CPU
		{26EB7704-14FB-47A1-B884-64D12B7E485F}.Release|Any CPU.Build.0 = Release|Any CPU
		{3C46B2B6-581F-4E44-9D03-103E45D5A3B0}.Debug|Any CPU.ActiveCfg = Debug|Any CPU
		{3C46B2B6-581F-4E44-9D03-103E45D5A3B0}.Debug|Any CPU.Build.0 = Debug|Any CPU
		{3C46B2B6-581F-4E44-9D03-103E45D5A3B0}.Release|Any CPU.ActiveCfg = Release|Any CPU
		{3C46B2B6-581F-4E44-9D03-103E45D5A3B0}.Release|Any CPU.Build.0 = Release|Any CPU
	EndGlobalSection
	GlobalSection(SolutionProperties) = preSolution
		HideSolutionNode = FALSE
	EndGlobalSection
EndGlobal
