
Microsoft Visual Studio Solution File, Format Version 12.00
# Visual Studio 14
VisualStudioVersion = 14.0.25420.1
MinimumVisualStudioVersion = 10.0.40219.1
Project("{FAE04EC0-301F-11D3-BF4B-00C04F79EFBC}") = "02. Objects And Classes - Exercises", "02. Objects And Classes - Exercises\02. Objects And Classes - Exercises.csproj", "{1607562C-BD15-496C-9B4C-24028CB1A185}"
EndProject
Project("{FAE04EC0-301F-11D3-BF4B-00C04F79EFBC}") = "02. Fake Advertisment", "02. Fake Advertisment\02. Fake Advertisment.csproj", "{EA5F5B54-37C2-46AD-979A-9FE5E6BE5988}"
EndProject
Project("{FAE04EC0-301F-11D3-BF4B-00C04F79EFBC}") = "03. Inserction of Circles", "03. Inserction of Circles\03. Inserction of Circles.csproj", "{D9661C6A-AD73-44C2-ACE8-1C450B20748E}"
EndProject
Project("{FAE04EC0-301F-11D3-BF4B-00C04F79EFBC}") = "04. Average Grades", "04. Average Grades\04. Average Grades.csproj", "{A9E6299D-1E74-45D9-9A33-D7B413E1E243}"
EndProject
Project("{FAE04EC0-301F-11D3-BF4B-00C04F79EFBC}") = "05. Book Library", "05. Book Library\05. Book Library.csproj", "{4E5721E0-53D0-4C57-B2E5-F4C2E4CFEE48}"
EndProject
Project("{FAE04EC0-301F-11D3-BF4B-00C04F79EFBC}") = "06. book Library Modification", "06. book Library Modification\06. book Library Modification.csproj", "{FEBD4EBE-0F2B-46EC-9FFF-8F012865AF00}"
EndProject
Project("{FAE04EC0-301F-11D3-BF4B-00C04F79EFBC}") = "07. Andrey and Biliard", "07. Andrey and Biliard\07. Andrey and Biliard.csproj", "{40B966C5-EA4D-4441-B425-90335A1AA802}"
EndProject
Project("{FAE04EC0-301F-11D3-BF4B-00C04F79EFBC}") = "08. Mentro Group", "08. Mentro Group\08. Mentro Group.csproj", "{7F0DC58F-22D9-4DC9-AB7D-D077196F7BDE}"
EndProject
Project("{FAE04EC0-301F-11D3-BF4B-00C04F79EFBC}") = "09.Teamwork projects", "09.Teamwork projects\09.Teamwork projects.csproj", "{BCBB7197-B243-4095-99C8-887870BFF7FD}"
EndProject
Global
	GlobalSection(SolutionConfigurationPlatforms) = preSolution
		Debug|Any CPU = Debug|Any CPU
		Release|Any CPU = Release|Any CPU
	EndGlobalSection
	GlobalSection(ProjectConfigurationPlatforms) = postSolution
		{1607562C-BD15-496C-9B4C-24028CB1A185}.Debug|Any CPU.ActiveCfg = Debug|Any CPU
		{1607562C-BD15-496C-9B4C-24028CB1A185}.Debug|Any CPU.Build.0 = Debug|Any CPU
		{1607562C-BD15-496C-9B4C-24028CB1A185}.Release|Any CPU.ActiveCfg = Release|Any CPU
		{1607562C-BD15-496C-9B4C-24028CB1A185}.Release|Any CPU.Build.0 = Release|Any CPU
		{EA5F5B54-37C2-46AD-979A-9FE5E6BE5988}.Debug|Any CPU.ActiveCfg = Debug|Any CPU
		{EA5F5B54-37C2-46AD-979A-9FE5E6BE5988}.Debug|Any CPU.Build.0 = Debug|Any CPU
		{EA5F5B54-37C2-46AD-979A-9FE5E6BE5988}.Release|Any CPU.ActiveCfg = Release|Any CPU
		{EA5F5B54-37C2-46AD-979A-9FE5E6BE5988}.Release|Any CPU.Build.0 = Release|Any CPU
		{D9661C6A-AD73-44C2-ACE8-1C450B20748E}.Debug|Any CPU.ActiveCfg = Debug|Any CPU
		{D9661C6A-AD73-44C2-ACE8-1C450B20748E}.Debug|Any CPU.Build.0 = Debug|Any CPU
		{D9661C6A-AD73-44C2-ACE8-1C450B20748E}.Release|Any CPU.ActiveCfg = Release|Any CPU
		{D9661C6A-AD73-44C2-ACE8-1C450B20748E}.Release|Any CPU.Build.0 = Release|Any CPU
		{A9E6299D-1E74-45D9-9A33-D7B413E1E243}.Debug|Any CPU.ActiveCfg = Debug|Any CPU
		{A9E6299D-1E74-45D9-9A33-D7B413E1E243}.Debug|Any CPU.Build.0 = Debug|Any CPU
		{A9E6299D-1E74-45D9-9A33-D7B413E1E243}.Release|Any CPU.ActiveCfg = Release|Any CPU
		{A9E6299D-1E74-45D9-9A33-D7B413E1E243}.Release|Any CPU.Build.0 = Release|Any CPU
		{4E5721E0-53D0-4C57-B2E5-F4C2E4CFEE48}.Debug|Any CPU.ActiveCfg = Debug|Any CPU
		{4E5721E0-53D0-4C57-B2E5-F4C2E4CFEE48}.Debug|Any CPU.Build.0 = Debug|Any CPU
		{4E5721E0-53D0-4C57-B2E5-F4C2E4CFEE48}.Release|Any CPU.ActiveCfg = Release|Any CPU
		{4E5721E0-53D0-4C57-B2E5-F4C2E4CFEE48}.Release|Any CPU.Build.0 = Release|Any CPU
		{FEBD4EBE-0F2B-46EC-9FFF-8F012865AF00}.Debug|Any CPU.ActiveCfg = Debug|Any CPU
		{FEBD4EBE-0F2B-46EC-9FFF-8F012865AF00}.Debug|Any CPU.Build.0 = Debug|Any CPU
		{FEBD4EBE-0F2B-46EC-9FFF-8F012865AF00}.Release|Any CPU.ActiveCfg = Release|Any CPU
		{FEBD4EBE-0F2B-46EC-9FFF-8F012865AF00}.Release|Any CPU.Build.0 = Release|Any CPU
		{40B966C5-EA4D-4441-B425-90335A1AA802}.Debug|Any CPU.ActiveCfg = Debug|Any CPU
		{40B966C5-EA4D-4441-B425-90335A1AA802}.Debug|Any CPU.Build.0 = Debug|Any CPU
		{40B966C5-EA4D-4441-B425-90335A1AA802}.Release|Any CPU.ActiveCfg = Release|Any CPU
		{40B966C5-EA4D-4441-B425-90335A1AA802}.Release|Any CPU.Build.0 = Release|Any CPU
		{7F0DC58F-22D9-4DC9-AB7D-D077196F7BDE}.Debug|Any CPU.ActiveCfg = Debug|Any CPU
		{7F0DC58F-22D9-4DC9-AB7D-D077196F7BDE}.Debug|Any CPU.Build.0 = Debug|Any CPU
		{7F0DC58F-22D9-4DC9-AB7D-D077196F7BDE}.Release|Any CPU.ActiveCfg = Release|Any CPU
		{7F0DC58F-22D9-4DC9-AB7D-D077196F7BDE}.Release|Any CPU.Build.0 = Release|Any CPU
		{BCBB7197-B243-4095-99C8-887870BFF7FD}.Debug|Any CPU.ActiveCfg = Debug|Any CPU
		{BCBB7197-B243-4095-99C8-887870BFF7FD}.Debug|Any CPU.Build.0 = Debug|Any CPU
		{BCBB7197-B243-4095-99C8-887870BFF7FD}.Release|Any CPU.ActiveCfg = Release|Any CPU
		{BCBB7197-B243-4095-99C8-887870BFF7FD}.Release|Any CPU.Build.0 = Release|Any CPU
	EndGlobalSection
	GlobalSection(SolutionProperties) = preSolution
		HideSolutionNode = FALSE
	EndGlobalSection
EndGlobal
